{
  "version": 4,
  "terraform_version": "1.14.7",
  "serial": 129,
  "lineage": "f97f5cc7-1c57-ca58-f2de-f59ffd5704a6",
  "outputs": {
    "api_gateway_id": {
      "value": "429c4a58",
      "type": "string"
    },
    "api_url": {
      "value": "http://localhost:4566/_aws/execute-api/429c4a58/$default",
      "type": "string"
    },
    "artifacts_bucket": {
      "value": "demo-artifacts-cloudblocks",
      "type": "string"
    },
    "cloudfront_domain": {
      "value": "51fac30a.cloudfront.localhost.localstack.cloud",
      "type": "string"
    },
    "cognito_user_pool_id": {
      "value": "us-east-1_ab2a5401699b4dec80c1df18972b80ed",
      "type": "string"
    },
    "dynamodb_items_table": {
      "value": "demo-items",
      "type": "string"
    },
    "route53_zone_id": {
      "value": "2RSCH90I8R922PKFSXJ7VN",
      "type": "string"
    },
    "sfn_arn": {
      "value": "arn:aws:states:us-east-1:000000000000:stateMachine:demo-order-workflow",
      "type": "string"
    },
    "static_assets_bucket": {
      "value": "demo-static-assets-cloudblocks",
      "type": "string"
    }
  },
  "resources": [
    {
      "mode": "data",
      "type": "archive_file",
      "name": "api_handler",
      "provider": "provider[\"registry.terraform.io/hashicorp/archive\"]",
      "instances": [
        {
          "schema_version": 0,
          "attributes": {
            "exclude_symlink_directories": null,
            "excludes": null,
            "id": "51ced0515fe9ee44e07183a47e9d90bee5335659",
            "output_base64sha256": "RIbJHnhg/c17h1BJu/lajAkJvJCGQM0BrCHvCfxy5GE=",
            "output_base64sha512": "vFudZTohf1VEx0x1jomFzlMu9xhop0XgjRTS90/5P+QOxhcUZlLX1ds1o9WmczPUj/I7BlVW6P6CQOl2ym0Lvg==",
            "output_file_mode": null,
            "output_md5": "4e66f6d7354694397b14f312227987f7",
            "output_path": "./.build/api_handler.zip",
            "output_sha": "51ced0515fe9ee44e07183a47e9d90bee5335659",
            "output_sha256": "4486c91e7860fdcd7b875049bbf95a8c0909bc908640cd01ac21ef09fc72e461",
            "output_sha512": "bc5b9d653a217f5544c74c758e8985ce532ef71868a745e08d14d2f74ff93fe40ec617146652d7d5db35a3d5a67333d48ff23b065556e8fe8240e976ca6d0bbe",
            "output_size": 1011,
            "source": [
              {
                "content": "import json, os, time, random, string, boto3\n\n_endpoint = os.environ.get('AWS_ENDPOINT_URL', 'http://localhost.localstack.cloud:4566')\n_region   = os.environ.get('AWS_REGION', 'us-east-1')\n\ndynamo = boto3.resource('dynamodb', region_name=_region, endpoint_url=_endpoint)\ntable  = dynamo.Table(os.environ['TABLE_NAME'])\n\nsns    = boto3.client('sns', region_name=_region, endpoint_url=_endpoint)\ntopic_arn = os.environ.get('SNS_TOPIC_ARN', '')\n\ndef _id():\n    return ''.join(random.choices(string.ascii_lowercase + string.digits, k=10))\n\ndef _ok(status, body):\n    return {\n        'statusCode': status,\n        'headers': {'Content-Type': 'application/json', 'Access-Control-Allow-Origin': '*'},\n        'body': json.dumps(body),\n    }\n\ndef handler(event, _ctx):\n    method = event.get('requestContext', {}).get('http', {}).get('method', 'GET')\n    path   = event.get('rawPath', '/')\n    params = event.get('pathParameters') or {}\n\n    if method == 'OPTIONS':\n        return _ok(200, {})\n\n    if method == 'GET' and '/items' in path:\n        items = sorted(table.scan().get('Items', []), key=lambda x: x.get('ts', '0'), reverse=True)\n        return _ok(200, {'items': items})\n\n    if method == 'POST' and '/items' in path:\n        body = json.loads(event.get('body') or '{}')\n        item = {'id': _id(), 'name': (body.get('name') or 'Untitled')[:120], 'ts': str(int(time.time()*1000))}\n        table.put_item(Item=item)\n        if topic_arn:\n            sns.publish(TopicArn=topic_arn, Message=json.dumps(item), Subject='new-item')\n        return _ok(201, {'item': item})\n\n    if method == 'DELETE':\n        iid = params.get('id') or path.rstrip('/').split('/')[-1]\n        table.delete_item(Key={'id': iid})\n        return _ok(200, {'deleted': iid})\n\n    return _ok(404, {'error': f'No route for {method} {path}'})\n",
                "filename": "handler.py"
              }
            ],
            "source_content": null,
            "source_content_filename": null,
            "source_dir": null,
            "source_file": null,
            "type": "zip"
          },
          "sensitive_attributes": [],
          "identity_schema_version": 0
        }
      ]
    },
    {
      "mode": "data",
      "type": "archive_file",
      "name": "timeout_test_handler",
      "provider": "provider[\"registry.terraform.io/hashicorp/archive\"]",
      "instances": [
        {
          "schema_version": 0,
          "attributes": {
            "exclude_symlink_directories": null,
            "excludes": null,
            "id": "582a1dc21ca770c1854ea831eac6c41f84b19aeb",
            "output_base64sha256": "y+23BJYE0g1id5xQCmPRQ3TjDyeHpVUGXR4//+6AwOo=",
            "output_base64sha512": "Th0uyjk0XwBRF8U+vsRpp9Y/Ce5YRpXjaHmVSJHNDnIHHM3O8b7j3rnKiDPn5EVSpzzwpCyx19umOMIWrRs3Yw==",
            "output_file_mode": null,
            "output_md5": "5e044d7cd1abb68120413fa9099fa9d5",
            "output_path": "./.build/timeout_test_handler.zip",
            "output_sha": "582a1dc21ca770c1854ea831eac6c41f84b19aeb",
            "output_sha256": "cbedb7049604d20d62779c500a63d14374e30f2787a555065d1e3fffee80c0ea",
            "output_sha512": "4e1d2eca39345f005117c53ebec469a7d63f09ee584695e36879954891cd0e72071ccdcef1bee3deb9ca8833e7e44552a73cf0a42cb1d7dba638c216ad1b3763",
            "output_size": 237,
            "source": [
              {
                "content": "import json\n\ndef handler(event, _ctx):\n    return {'statusCode': 200, 'body': json.dumps({'ok': True})}\n",
                "filename": "handler.py"
              }
            ],
            "source_content": null,
            "source_content_filename": null,
            "source_dir": null,
            "source_file": null,
            "type": "zip"
          },
          "sensitive_attributes": [],
          "identity_schema_version": 0
        }
      ]
    },
    {
      "mode": "data",
      "type": "archive_file",
      "name": "workflow_handler",
      "provider": "provider[\"registry.terraform.io/hashicorp/archive\"]",
      "instances": [
        {
          "schema_version": 0,
          "attributes": {
            "exclude_symlink_directories": null,
            "excludes": null,
            "id": "bb80a8ff5ac9bae5bbffd428dd039bc6039b6d6c",
            "output_base64sha256": "XzFhr+PwPoZfKDO9QXPm5L/vLi4KE7BDLhdL/zFj3pI=",
            "output_base64sha512": "NRDMUMEnt4LcnzNrH6biQFatSy71XGwgh96TWcOQyd0cLtGy/n0FRnLXfImwi9eygG4w9nwhvDZHd8BfZIMt6g==",
            "output_file_mode": null,
            "output_md5": "a6cf48f678d376d16a71e1f6f4143f5e",
            "output_path": "./.build/workflow_handler.zip",
            "output_sha": "bb80a8ff5ac9bae5bbffd428dd039bc6039b6d6c",
            "output_sha256": "5f3161afe3f03e865f2833bd4173e6e4bfef2e2e0a13b0432e174bff3163de92",
            "output_sha512": "3510cc50c127b782dc9f336b1fa6e24056ad4b2ef55c6c2087de9359c390c9dd1c2ed1b2fe7d054672d77c89b08bd7b2806e30f67c21bc364777c05f64832dea",
            "output_size": 479,
            "source": [
              {
                "content": "import json, os, boto3\n\n_endpoint = os.environ.get('AWS_ENDPOINT_URL', 'http://localhost.localstack.cloud:4566')\n_region   = os.environ.get('AWS_REGION', 'us-east-1')\n\ndynamo = boto3.resource('dynamodb', region_name=_region, endpoint_url=_endpoint)\ntable  = dynamo.Table(os.environ.get('TABLE_NAME', 'demo-items'))\n\ndef handler(event, _ctx):\n    for record in event.get('Records', []):\n        body = json.loads(record.get('body', '{}'))\n        print(f\"Processing workflow event: {body}\")\n    return {'statusCode': 200}\n",
                "filename": "handler.py"
              }
            ],
            "source_content": null,
            "source_content_filename": null,
            "source_dir": null,
            "source_file": null,
            "type": "zip"
          },
          "sensitive_attributes": [],
          "identity_schema_version": 0
        }
      ]
    },
    {
      "mode": "data",
      "type": "external",
      "name": "localstack_ami",
      "provider": "provider[\"registry.terraform.io/hashicorp/external\"]",
      "instances": [
        {
          "schema_version": 0,
          "attributes": {
            "id": "-",
            "program": [
              "bash",
              "./register-ami.sh"
            ],
            "query": null,
            "result": {
              "ami_id": "ami-ff000001"
            },
            "working_dir": null
          },
          "sensitive_attributes": [],
          "identity_schema_version": 0
        }
      ]
    },
    {
      "mode": "managed",
      "type": "aws_acm_certificate",
      "name": "main",
      "provider": "provider[\"registry.terraform.io/hashicorp/aws\"]",
      "instances": [
        {
          "schema_version": 0,
          "attributes": {
            "arn": "arn:aws:acm:us-east-1:000000000000:certificate/75fa6044-2205-4038-a692-3241caa46b29",
            "certificate_authority_arn": "",
            "certificate_body": null,
            "certificate_chain": null,
            "domain_name": "demo.cloudblocks.local",
            "domain_validation_options": [
              {
                "domain_name": "*.cloudblocks.local",
                "resource_record_name": "_d930b28be6c5927595552b219965053e.cloudblocks.local.",
                "resource_record_type": "CNAME",
                "resource_record_value": "_c9edd76ee4a0e2a74388032f3861cc50.ykybfrwcxw.acm-validations.aws."
              },
              {
                "domain_name": "api.cloudblocks.local",
                "resource_record_name": "_d930b28be6c5927595552b219965053e.api.cloudblocks.local.",
                "resource_record_type": "CNAME",
                "resource_record_value": "_c9edd76ee4a0e2a74388032f3861cc50.ykybfrwcxw.acm-validations.aws."
              },
              {
                "domain_name": "demo.cloudblocks.local",
                "resource_record_name": "_d930b28be6c5927595552b219965053e.demo.cloudblocks.local.",
                "resource_record_type": "CNAME",
                "resource_record_value": "_c9edd76ee4a0e2a74388032f3861cc50.ykybfrwcxw.acm-validations.aws."
              }
            ],
            "early_renewal_duration": "",
            "id": "arn:aws:acm:us-east-1:000000000000:certificate/75fa6044-2205-4038-a692-3241caa46b29",
            "key_algorithm": "RSA_2048",
            "not_after": "",
            "not_before": "",
            "options": [
              {
                "certificate_transparency_logging_preference": "ENABLED"
              }
            ],
            "pending_renewal": false,
            "private_key": null,
            "renewal_eligibility": "INELIGIBLE",
            "renewal_summary": [],
            "status": "PENDING_VALIDATION",
            "subject_alternative_names": [
              "*.cloudblocks.local",
              "api.cloudblocks.local",
              "demo.cloudblocks.local"
            ],
            "tags": {
              "Name": "demo-cert",
              "Project": "cloudblocks-demo"
            },
            "tags_all": {
              "Name": "demo-cert",
              "Project": "cloudblocks-demo"
            },
            "type": "AMAZON_ISSUED",
            "validation_emails": [],
            "validation_method": "DNS",
            "validation_option": []
          },
          "sensitive_attributes": [
            [
              {
                "type": "get_attr",
                "value": "private_key"
              }
            ]
          ],
          "identity_schema_version": 0,
          "private": "bnVsbA==",
          "create_before_destroy": true
        }
      ]
    },
    {
      "mode": "managed",
      "type": "aws_apigatewayv2_api",
      "name": "main",
      "provider": "provider[\"registry.terraform.io/hashicorp/aws\"]",
      "instances": [
        {
          "schema_version": 0,
          "attributes": {
            "api_endpoint": "http://429c4a58.execute-api.localhost.localstack.cloud:4566",
            "api_key_selection_expression": "$request.header.x-api-key",
            "arn": "arn:aws:apigateway:us-east-1::/apis/429c4a58",
            "body": null,
            "cors_configuration": [
              {
                "allow_credentials": false,
                "allow_headers": [
                  "authorization",
                  "content-type"
                ],
                "allow_methods": [
                  "DELETE",
                  "GET",
                  "OPTIONS",
                  "POST"
                ],
                "allow_origins": [
                  "*"
                ],
                "expose_headers": null,
                "max_age": 0
              }
            ],
            "credentials_arn": null,
            "description": "",
            "disable_execute_api_endpoint": false,
            "execution_arn": "arn:aws:execute-api:us-east-1::429c4a58",
            "fail_on_warnings": null,
            "id": "429c4a58",
            "ip_address_type": "ipv4",
            "name": "demo-api",
            "protocol_type": "HTTP",
            "route_key": null,
            "route_selection_expression": "$request.method $request.path",
            "tags": {
              "Name": "demo-api",
              "Project": "cloudblocks-demo"
            },
            "tags_all": {
              "Name": "demo-api",
              "Project": "cloudblocks-demo"
            },
            "target": null,
            "version": ""
          },
          "sensitive_attributes": [],
          "identity_schema_version": 0,
          "private": "bnVsbA=="
        }
      ]
    },
    {
      "mode": "managed",
      "type": "aws_apigatewayv2_integration",
      "name": "api_lambda",
      "provider": "provider[\"registry.terraform.io/hashicorp/aws\"]",
      "instances": [
        {
          "schema_version": 0,
          "attributes": {
            "api_id": "429c4a58",
            "connection_id": "",
            "connection_type": "INTERNET",
            "content_handling_strategy": "",
            "credentials_arn": "",
            "description": "",
            "id": "62ede2ee",
            "integration_method": "POST",
            "integration_response_selection_expression": "",
            "integration_subtype": "",
            "integration_type": "AWS_PROXY",
            "integration_uri": "arn:aws:apigateway:us-east-1:lambda:path/2015-03-31/functions/arn:aws:lambda:us-east-1:000000000000:function:demo-api-handler/invocations",
            "passthrough_behavior": "",
            "payload_format_version": "2.0",
            "request_parameters": null,
            "request_templates": null,
            "response_parameters": [],
            "template_selection_expression": "",
            "timeout_milliseconds": 30000,
            "tls_config": []
          },
          "sensitive_attributes": [],
          "identity_schema_version": 0,
          "private": "bnVsbA==",
          "dependencies": [
            "aws_apigatewayv2_api.main",
            "aws_dynamodb_table.items",
            "aws_iam_role.lambda_exec",
            "aws_lambda_function.api_handler",
            "aws_sns_topic.alerts",
            "data.archive_file.api_handler",
            "local_file.api_handler_src"
          ]
        }
      ]
    },
    {
      "mode": "managed",
      "type": "aws_apigatewayv2_route",
      "name": "delete_item",
      "provider": "provider[\"registry.terraform.io/hashicorp/aws\"]",
      "instances": [
        {
          "schema_version": 0,
          "attributes": {
            "api_id": "429c4a58",
            "api_key_required": false,
            "authorization_scopes": null,
            "authorization_type": "NONE",
            "authorizer_id": "",
            "id": "19eb89f2",
            "model_selection_expression": "",
            "operation_name": "",
            "request_models": null,
            "request_parameter": [],
            "route_key": "DELETE /items/{id}",
            "route_response_selection_expression": "",
            "target": "integrations/62ede2ee"
          },
          "sensitive_attributes": [],
          "identity_schema_version": 0,
          "private": "bnVsbA==",
          "dependencies": [
            "aws_apigatewayv2_api.main",
            "aws_apigatewayv2_integration.api_lambda",
            "aws_dynamodb_table.items",
            "aws_iam_role.lambda_exec",
            "aws_lambda_function.api_handler",
            "aws_sns_topic.alerts",
            "data.archive_file.api_handler",
            "local_file.api_handler_src"
          ]
        }
      ]
    },
    {
      "mode": "managed",
      "type": "aws_apigatewayv2_route",
      "name": "get_health",
      "provider": "provider[\"registry.terraform.io/hashicorp/aws\"]",
      "instances": [
        {
          "schema_version": 0,
          "attributes": {
            "api_id": "429c4a58",
            "api_key_required": false,
            "authorization_scopes": null,
            "authorization_type": "NONE",
            "authorizer_id": "",
            "id": "3c8bd87d",
            "model_selection_expression": "",
            "operation_name": "",
            "request_models": null,
            "request_parameter": [],
            "route_key": "GET /health",
            "route_response_selection_expression": "",
            "target": "integrations/62ede2ee"
          },
          "sensitive_attributes": [],
          "identity_schema_version": 0,
          "private": "bnVsbA==",
          "dependencies": [
            "aws_apigatewayv2_api.main",
            "aws_apigatewayv2_integration.api_lambda",
            "aws_dynamodb_table.items",
            "aws_iam_role.lambda_exec",
            "aws_lambda_function.api_handler",
            "aws_sns_topic.alerts",
            "data.archive_file.api_handler",
            "local_file.api_handler_src"
          ]
        }
      ]
    },
    {
      "mode": "managed",
      "type": "aws_apigatewayv2_route",
      "name": "get_items",
      "provider": "provider[\"registry.terraform.io/hashicorp/aws\"]",
      "instances": [
        {
          "schema_version": 0,
          "attributes": {
            "api_id": "429c4a58",
            "api_key_required": false,
            "authorization_scopes": null,
            "authorization_type": "NONE",
            "authorizer_id": "",
            "id": "c01a15e7",
            "model_selection_expression": "",
            "operation_name": "",
            "request_models": null,
            "request_parameter": [],
            "route_key": "GET /items",
            "route_response_selection_expression": "",
            "target": "integrations/62ede2ee"
          },
          "sensitive_attributes": [],
          "identity_schema_version": 0,
          "private": "bnVsbA==",
          "dependencies": [
            "aws_apigatewayv2_api.main",
            "aws_apigatewayv2_integration.api_lambda",
            "aws_dynamodb_table.items",
            "aws_iam_role.lambda_exec",
            "aws_lambda_function.api_handler",
            "aws_sns_topic.alerts",
            "data.archive_file.api_handler",
            "local_file.api_handler_src"
          ]
        }
      ]
    },
    {
      "mode": "managed",
      "type": "aws_apigatewayv2_route",
      "name": "post_items",
      "provider": "provider[\"registry.terraform.io/hashicorp/aws\"]",
      "instances": [
        {
          "schema_version": 0,
          "attributes": {
            "api_id": "429c4a58",
            "api_key_required": false,
            "authorization_scopes": null,
            "authorization_type": "NONE",
            "authorizer_id": "",
            "id": "70986bfa",
            "model_selection_expression": "",
            "operation_name": "",
            "request_models": null,
            "request_parameter": [],
            "route_key": "POST /items",
            "route_response_selection_expression": "",
            "target": "integrations/62ede2ee"
          },
          "sensitive_attributes": [],
          "identity_schema_version": 0,
          "private": "bnVsbA==",
          "dependencies": [
            "aws_apigatewayv2_api.main",
            "aws_apigatewayv2_integration.api_lambda",
            "aws_dynamodb_table.items",
            "aws_iam_role.lambda_exec",
            "aws_lambda_function.api_handler",
            "aws_sns_topic.alerts",
            "data.archive_file.api_handler",
            "local_file.api_handler_src"
          ]
        }
      ]
    },
    {
      "mode": "managed",
      "type": "aws_apigatewayv2_stage",
      "name": "default",
      "provider": "provider[\"registry.terraform.io/hashicorp/aws\"]",
      "instances": [
        {
          "schema_version": 0,
          "attributes": {
            "access_log_settings": [],
            "api_id": "429c4a58",
            "arn": "arn:aws:apigateway:us-east-1::/apis/429c4a58/stages/$default",
            "auto_deploy": true,
            "client_certificate_id": "",
            "default_route_settings": [
              {
                "data_trace_enabled": false,
                "detailed_metrics_enabled": false,
                "logging_level": "",
                "throttling_burst_limit": 0,
                "throttling_rate_limit": 0
              }
            ],
            "deployment_id": "d4d3bc7a",
            "description": "",
            "execution_arn": "arn:aws:execute-api:us-east-1::429c4a58/$default",
            "id": "$default",
            "invoke_url": "https://429c4a58.execute-api.us-east-1.amazonaws.com/",
            "name": "$default",
            "route_settings": [],
            "stage_variables": null,
            "tags": null,
            "tags_all": {}
          },
          "sensitive_attributes": [],
          "identity_schema_version": 0,
          "private": "bnVsbA==",
          "dependencies": [
            "aws_apigatewayv2_api.main"
          ]
        }
      ]
    },
    {
      "mode": "managed",
      "type": "aws_cloudfront_distribution",
      "name": "main",
      "provider": "provider[\"registry.terraform.io/hashicorp/aws\"]",
      "instances": [
        {
          "schema_version": 1,
          "attributes": {
            "aliases": null,
            "arn": "arn:aws:cloudfront::000000000000:distribution/51fac30a",
            "caller_reference": "terraform-20260410200414367900000007",
            "comment": null,
            "continuous_deployment_policy_id": "",
            "custom_error_response": [],
            "default_cache_behavior": [
              {
                "allowed_methods": [
                  "DELETE",
                  "GET",
                  "HEAD",
                  "OPTIONS",
                  "PATCH",
                  "POST",
                  "PUT"
                ],
                "cache_policy_id": "",
                "cached_methods": [
                  "GET",
                  "HEAD"
                ],
                "compress": true,
                "default_ttl": 0,
                "field_level_encryption_id": "",
                "forwarded_values": [],
                "function_association": [],
                "grpc_config": [
                  {
                    "enabled": false
                  }
                ],
                "lambda_function_association": [],
                "max_ttl": 0,
                "min_ttl": 0,
                "origin_request_policy_id": "",
                "realtime_log_config_arn": "",
                "response_headers_policy_id": "",
                "smooth_streaming": false,
                "target_origin_id": "S3-static-assets",
                "trusted_key_groups": [],
                "trusted_signers": [],
                "viewer_protocol_policy": "redirect-to-https"
              }
            ],
            "default_root_object": "index.html",
            "domain_name": "51fac30a.cloudfront.localhost.localstack.cloud",
            "enabled": true,
            "etag": "80d64425",
            "hosted_zone_id": "Z2FDTNDATAQYW2",
            "http_version": "http2",
            "id": "51fac30a",
            "in_progress_validation_batches": 0,
            "is_ipv6_enabled": true,
            "last_modified_time": "2026-04-10 20:04:14.381843 +0000 UTC",
            "logging_config": [],
            "ordered_cache_behavior": [
              {
                "allowed_methods": [
                  "DELETE",
                  "GET",
                  "HEAD",
                  "OPTIONS",
                  "PATCH",
                  "POST",
                  "PUT"
                ],
                "cache_policy_id": "",
                "cached_methods": [
                  "GET",
                  "HEAD"
                ],
                "compress": true,
                "default_ttl": 0,
                "field_level_encryption_id": "",
                "forwarded_values": [],
                "function_association": [],
                "grpc_config": [],
                "lambda_function_association": [],
                "max_ttl": 0,
                "min_ttl": 0,
                "origin_request_policy_id": "",
                "path_pattern": "/api/*",
                "realtime_log_config_arn": "",
                "response_headers_policy_id": "",
                "smooth_streaming": false,
                "target_origin_id": "APIGW-main",
                "trusted_key_groups": null,
                "trusted_signers": null,
                "viewer_protocol_policy": "redirect-to-https"
              }
            ],
            "origin": [
              {
                "connection_attempts": 3,
                "connection_timeout": 10,
                "custom_header": [],
                "custom_origin_config": [
                  {
                    "http_port": 80,
                    "https_port": 443,
                    "origin_keepalive_timeout": 5,
                    "origin_protocol_policy": "http-only",
                    "origin_read_timeout": 30,
                    "origin_ssl_protocols": [
                      "TLSv1.2"
                    ]
                  }
                ],
                "domain_name": "demo-static-assets-cloudblocks.s3.us-east-1.amazonaws.com",
                "origin_access_control_id": "",
                "origin_id": "S3-static-assets",
                "origin_path": "",
                "origin_shield": [],
                "s3_origin_config": [],
                "vpc_origin_config": []
              },
              {
                "connection_attempts": 3,
                "connection_timeout": 10,
                "custom_header": [],
                "custom_origin_config": [
                  {
                    "http_port": 80,
                    "https_port": 443,
                    "origin_keepalive_timeout": 5,
                    "origin_protocol_policy": "https-only",
                    "origin_read_timeout": 30,
                    "origin_ssl_protocols": [
                      "TLSv1.2"
                    ]
                  }
                ],
                "domain_name": "429c4a58.execute-api.us-east-1.amazonaws.com",
                "origin_access_control_id": "",
                "origin_id": "APIGW-main",
                "origin_path": "",
                "origin_shield": [],
                "s3_origin_config": [],
                "vpc_origin_config": []
              }
            ],
            "origin_group": [],
            "price_class": "PriceClass_100",
            "restrictions": [
              {
                "geo_restriction": [
                  {
                    "locations": [],
                    "restriction_type": "none"
                  }
                ]
              }
            ],
            "retain_on_delete": false,
            "staging": false,
            "status": "Deployed",
            "tags": {
              "Name": "demo-distribution",
              "Project": "cloudblocks-demo"
            },
            "tags_all": {
              "Name": "demo-distribution",
              "Project": "cloudblocks-demo"
            },
            "trusted_key_groups": [
              {
                "enabled": false,
                "items": []
              }
            ],
            "trusted_signers": [
              {
                "enabled": false,
                "items": []
              }
            ],
            "viewer_certificate": [
              {
                "acm_certificate_arn": "",
                "cloudfront_default_certificate": true,
                "iam_certificate_id": "",
                "minimum_protocol_version": "TLSv1",
                "ssl_support_method": ""
              }
            ],
            "wait_for_deployment": true,
            "web_acl_id": ""
          },
          "sensitive_attributes": [],
          "identity_schema_version": 0,
          "private": "eyJzY2hlbWFfdmVyc2lvbiI6IjEifQ==",
          "dependencies": [
            "aws_apigatewayv2_api.main",
            "aws_s3_bucket.static_assets"
          ]
        }
      ]
    },
    {
      "mode": "managed",
      "type": "aws_cloudwatch_event_bus",
      "name": "app",
      "provider": "provider[\"registry.terraform.io/hashicorp/aws\"]",
      "instances": [
        {
          "schema_version": 0,
          "attributes": {
            "arn": "arn:aws:events:us-east-1:000000000000:event-bus/demo-events-bus",
            "dead_letter_config": [],
            "description": "",
            "event_source_name": null,
            "id": "demo-events-bus",
            "kms_key_identifier": "",
            "name": "demo-events-bus",
            "tags": {
              "Project": "cloudblocks-demo"
            },
            "tags_all": {
              "Project": "cloudblocks-demo"
            }
          },
          "sensitive_attributes": [],
          "identity_schema_version": 0,
          "private": "bnVsbA=="
        }
      ]
    },
    {
      "mode": "managed",
      "type": "aws_cloudwatch_event_rule",
      "name": "audit",
      "provider": "provider[\"registry.terraform.io/hashicorp/aws\"]",
      "instances": [
        {
          "schema_version": 1,
          "attributes": {
            "arn": "arn:aws:events:us-east-1:000000000000:rule/demo-events-bus/demo-audit-events",
            "description": "Route audit events to workflow SQS queue",
            "event_bus_name": "demo-events-bus",
            "event_pattern": "{\"source\":[\"demo.audit\"]}",
            "force_destroy": false,
            "id": "demo-events-bus/demo-audit-events",
            "is_enabled": true,
            "name": "demo-audit-events",
            "name_prefix": "",
            "role_arn": "",
            "schedule_expression": "",
            "state": "ENABLED",
            "tags": {
              "Project": "cloudblocks-demo"
            },
            "tags_all": {
              "Project": "cloudblocks-demo"
            }
          },
          "sensitive_attributes": [],
          "identity_schema_version": 0,
          "private": "eyJzY2hlbWFfdmVyc2lvbiI6IjEifQ==",
          "dependencies": [
            "aws_cloudwatch_event_bus.app"
          ]
        }
      ]
    },
    {
      "mode": "managed",
      "type": "aws_cloudwatch_event_rule",
      "name": "order_created",
      "provider": "provider[\"registry.terraform.io/hashicorp/aws\"]",
      "instances": [
        {
          "schema_version": 1,
          "attributes": {
            "arn": "arn:aws:events:us-east-1:000000000000:rule/demo-events-bus/demo-order-created",
            "description": "Route order.created events to workflow processor",
            "event_bus_name": "demo-events-bus",
            "event_pattern": "{\"detail-type\":[\"order.created\"],\"source\":[\"demo.orders\"]}",
            "force_destroy": false,
            "id": "demo-events-bus/demo-order-created",
            "is_enabled": true,
            "name": "demo-order-created",
            "name_prefix": "",
            "role_arn": "",
            "schedule_expression": "",
            "state": "ENABLED",
            "tags": {
              "Project": "cloudblocks-demo"
            },
            "tags_all": {
              "Project": "cloudblocks-demo"
            }
          },
          "sensitive_attributes": [],
          "identity_schema_version": 0,
          "private": "eyJzY2hlbWFfdmVyc2lvbiI6IjEifQ==",
          "dependencies": [
            "aws_cloudwatch_event_bus.app"
          ]
        }
      ]
    },
    {
      "mode": "managed",
      "type": "aws_cloudwatch_event_target",
      "name": "audit_to_sqs",
      "provider": "provider[\"registry.terraform.io/hashicorp/aws\"]",
      "instances": [
        {
          "schema_version": 1,
          "attributes": {
            "appsync_target": [],
            "arn": "arn:aws:sqs:us-east-1:000000000000:demo-workflow-queue",
            "batch_target": [],
            "dead_letter_config": [],
            "ecs_target": [],
            "event_bus_name": "demo-events-bus",
            "force_destroy": false,
            "http_target": [],
            "id": "demo-events-bus-demo-audit-events-WorkflowSQS",
            "input": "",
            "input_path": "",
            "input_transformer": [],
            "kinesis_target": [],
            "redshift_target": [],
            "retry_policy": [],
            "role_arn": "arn:aws:iam::000000000000:role/demo-events-exec",
            "rule": "demo-audit-events",
            "run_command_targets": [],
            "sagemaker_pipeline_target": [],
            "sqs_target": [],
            "target_id": "WorkflowSQS"
          },
          "sensitive_attributes": [],
          "identity_schema_version": 0,
          "private": "eyJzY2hlbWFfdmVyc2lvbiI6IjEifQ==",
          "dependencies": [
            "aws_cloudwatch_event_bus.app",
            "aws_cloudwatch_event_rule.audit",
            "aws_iam_role.events_exec",
            "aws_sqs_queue.workflow",
            "aws_sqs_queue.workflow_dlq"
          ]
        }
      ]
    },
    {
      "mode": "managed",
      "type": "aws_cloudwatch_event_target",
      "name": "order_to_lambda",
      "provider": "provider[\"registry.terraform.io/hashicorp/aws\"]",
      "instances": [
        {
          "schema_version": 1,
          "attributes": {
            "appsync_target": [],
            "arn": "arn:aws:lambda:us-east-1:000000000000:function:demo-workflow-processor",
            "batch_target": [],
            "dead_letter_config": [],
            "ecs_target": [],
            "event_bus_name": "demo-events-bus",
            "force_destroy": false,
            "http_target": [],
            "id": "demo-events-bus-demo-order-created-WorkflowLambda",
            "input": "",
            "input_path": "",
            "input_transformer": [],
            "kinesis_target": [],
            "redshift_target": [],
            "retry_policy": [],
            "role_arn": "arn:aws:iam::000000000000:role/demo-events-exec",
            "rule": "demo-order-created",
            "run_command_targets": [],
            "sagemaker_pipeline_target": [],
            "sqs_target": [],
            "target_id": "WorkflowLambda"
          },
          "sensitive_attributes": [],
          "identity_schema_version": 0,
          "private": "eyJzY2hlbWFfdmVyc2lvbiI6IjEifQ==",
          "dependencies": [
            "aws_cloudwatch_event_bus.app",
            "aws_cloudwatch_event_rule.order_created",
            "aws_dynamodb_table.items",
            "aws_iam_role.events_exec",
            "aws_iam_role.lambda_exec",
            "aws_lambda_function.workflow_processor",
            "aws_sqs_queue.workflow_dlq",
            "data.archive_file.workflow_handler",
            "local_file.workflow_src"
          ]
        }
      ]
    },
    {
      "mode": "managed",
      "type": "aws_cognito_user_pool",
      "name": "main",
      "provider": "provider[\"registry.terraform.io/hashicorp/aws\"]",
      "instances": [
        {
          "schema_version": 0,
          "attributes": {
            "account_recovery_setting": [
              {
                "recovery_mechanism": [
                  {
                    "name": "verified_email",
                    "priority": 1
                  },
                  {
                    "name": "verified_phone_number",
                    "priority": 2
                  }
                ]
              }
            ],
            "admin_create_user_config": [
              {
                "allow_admin_create_user_only": false,
                "invite_message_template": []
              }
            ],
            "alias_attributes": null,
            "arn": "arn:aws:cognito-idp:us-east-1:000000000000:userpool/us-east-1_ab2a5401699b4dec80c1df18972b80ed",
            "auto_verified_attributes": [
              "email"
            ],
            "creation_date": "2026-04-10T20:04:14Z",
            "custom_domain": "",
            "deletion_protection": "INACTIVE",
            "device_configuration": [],
            "domain": "",
            "email_configuration": [
              {
                "configuration_set": "",
                "email_sending_account": "COGNITO_DEFAULT",
                "from_email_address": "",
                "reply_to_email_address": "",
                "source_arn": ""
              }
            ],
            "email_mfa_configuration": [],
            "email_verification_message": "",
            "email_verification_subject": "",
            "endpoint": "cognito-idp.us-east-1.amazonaws.com/us-east-1_ab2a5401699b4dec80c1df18972b80ed",
            "estimated_number_of_users": 0,
            "id": "us-east-1_ab2a5401699b4dec80c1df18972b80ed",
            "lambda_config": [],
            "last_modified_date": "2026-04-10T20:04:14Z",
            "mfa_configuration": "OFF",
            "name": "demo-user-pool",
            "password_policy": [
              {
                "minimum_length": 8,
                "password_history_size": 0,
                "require_lowercase": true,
                "require_numbers": true,
                "require_symbols": false,
                "require_uppercase": true,
                "temporary_password_validity_days": 0
              }
            ],
            "schema": [],
            "sign_in_policy": [],
            "sms_authentication_message": "",
            "sms_configuration": [],
            "sms_verification_message": "",
            "software_token_mfa_configuration": [],
            "tags": {
              "Project": "cloudblocks-demo"
            },
            "tags_all": {
              "Project": "cloudblocks-demo"
            },
            "user_attribute_update_settings": [],
            "user_pool_add_ons": [],
            "user_pool_tier": "ESSENTIALS",
            "username_attributes": null,
            "username_configuration": [],
            "verification_message_template": [
              {
                "default_email_option": "CONFIRM_WITH_CODE",
                "email_message": "",
                "email_message_by_link": "",
                "email_subject": "",
                "email_subject_by_link": "",
                "sms_message": ""
              }
            ],
            "web_authn_configuration": []
          },
          "sensitive_attributes": [],
          "identity_schema_version": 0,
          "private": "bnVsbA=="
        }
      ]
    },
    {
      "mode": "managed",
      "type": "aws_cognito_user_pool_client",
      "name": "web",
      "provider": "provider[\"registry.terraform.io/hashicorp/aws\"]",
      "instances": [
        {
          "schema_version": 0,
          "attributes": {
            "access_token_validity": 0,
            "allowed_oauth_flows": [],
            "allowed_oauth_flows_user_pool_client": false,
            "allowed_oauth_scopes": [],
            "analytics_configuration": [],
            "auth_session_validity": 3,
            "callback_urls": [],
            "client_secret": "",
            "default_redirect_uri": "",
            "enable_propagate_additional_user_context_data": false,
            "enable_token_revocation": true,
            "explicit_auth_flows": [
              "ALLOW_REFRESH_TOKEN_AUTH",
              "ALLOW_USER_PASSWORD_AUTH"
            ],
            "generate_secret": null,
            "id": "d37bx2mioxoqd3ge66nfdoekmp",
            "id_token_validity": 0,
            "logout_urls": [],
            "name": "demo-web-client",
            "prevent_user_existence_errors": "",
            "read_attributes": [],
            "refresh_token_rotation": [],
            "refresh_token_validity": 30,
            "supported_identity_providers": [],
            "token_validity_units": [],
            "user_pool_id": "us-east-1_ab2a5401699b4dec80c1df18972b80ed",
            "write_attributes": []
          },
          "sensitive_attributes": [
            [
              {
                "type": "get_attr",
                "value": "client_secret"
              }
            ]
          ],
          "identity_schema_version": 0,
          "dependencies": [
            "aws_cognito_user_pool.main"
          ]
        }
      ]
    },
    {
      "mode": "managed",
      "type": "aws_dynamodb_table",
      "name": "items",
      "provider": "provider[\"registry.terraform.io/hashicorp/aws\"]",
      "instances": [
        {
          "schema_version": 1,
          "attributes": {
            "arn": "arn:aws:dynamodb:us-east-1:000000000000:table/demo-items",
            "attribute": [
              {
                "name": "id",
                "type": "S"
              }
            ],
            "billing_mode": "PAY_PER_REQUEST",
            "deletion_protection_enabled": false,
            "global_secondary_index": [],
            "hash_key": "id",
            "id": "demo-items",
            "import_table": [],
            "local_secondary_index": [],
            "name": "demo-items",
            "on_demand_throughput": [],
            "point_in_time_recovery": [
              {
                "enabled": false,
                "recovery_period_in_days": 0
              }
            ],
            "range_key": null,
            "read_capacity": 0,
            "replica": [],
            "restore_date_time": null,
            "restore_source_name": null,
            "restore_source_table_arn": null,
            "restore_to_latest_time": null,
            "server_side_encryption": [],
            "stream_arn": "",
            "stream_enabled": false,
            "stream_label": "",
            "stream_view_type": "",
            "table_class": "STANDARD",
            "tags": {
              "Name": "demo-items",
              "Project": "cloudblocks-demo"
            },
            "tags_all": {
              "Name": "demo-items",
              "Project": "cloudblocks-demo"
            },
            "timeouts": null,
            "ttl": [
              {
                "attribute_name": "",
                "enabled": false
              }
            ],
            "write_capacity": 0
          },
          "sensitive_attributes": [],
          "identity_schema_version": 0,
          "private": "eyJlMmJmYjczMC1lY2FhLTExZTYtOGY4OC0zNDM2M2JjN2M0YzAiOnsiY3JlYXRlIjoxODAwMDAwMDAwMDAwLCJkZWxldGUiOjYwMDAwMDAwMDAwMCwidXBkYXRlIjozNjAwMDAwMDAwMDAwfSwic2NoZW1hX3ZlcnNpb24iOiIxIn0="
        }
      ]
    },
    {
      "mode": "managed",
      "type": "aws_dynamodb_table",
      "name": "sessions",
      "provider": "provider[\"registry.terraform.io/hashicorp/aws\"]",
      "instances": [
        {
          "schema_version": 1,
          "attributes": {
            "arn": "arn:aws:dynamodb:us-east-1:000000000000:table/demo-sessions",
            "attribute": [
              {
                "name": "sessionId",
                "type": "S"
              }
            ],
            "billing_mode": "PAY_PER_REQUEST",
            "deletion_protection_enabled": false,
            "global_secondary_index": [],
            "hash_key": "sessionId",
            "id": "demo-sessions",
            "import_table": [],
            "local_secondary_index": [],
            "name": "demo-sessions",
            "on_demand_throughput": [],
            "point_in_time_recovery": [
              {
                "enabled": false,
                "recovery_period_in_days": 0
              }
            ],
            "range_key": null,
            "read_capacity": 0,
            "replica": [],
            "restore_date_time": null,
            "restore_source_name": null,
            "restore_source_table_arn": null,
            "restore_to_latest_time": null,
            "server_side_encryption": [],
            "stream_arn": "",
            "stream_enabled": false,
            "stream_label": "",
            "stream_view_type": "",
            "table_class": "STANDARD",
            "tags": {
              "Name": "demo-sessions",
              "Project": "cloudblocks-demo"
            },
            "tags_all": {
              "Name": "demo-sessions",
              "Project": "cloudblocks-demo"
            },
            "timeouts": null,
            "ttl": [
              {
                "attribute_name": "",
                "enabled": false
              }
            ],
            "write_capacity": 0
          },
          "sensitive_attributes": [],
          "identity_schema_version": 0,
          "private": "eyJlMmJmYjczMC1lY2FhLTExZTYtOGY4OC0zNDM2M2JjN2M0YzAiOnsiY3JlYXRlIjoxODAwMDAwMDAwMDAwLCJkZWxldGUiOjYwMDAwMDAwMDAwMCwidXBkYXRlIjozNjAwMDAwMDAwMDAwfSwic2NoZW1hX3ZlcnNpb24iOiIxIn0="
        }
      ]
    },
    {
      "mode": "managed",
      "type": "aws_iam_role",
      "name": "events_exec",
      "provider": "provider[\"registry.terraform.io/hashicorp/aws\"]",
      "instances": [
        {
          "schema_version": 0,
          "attributes": {
            "arn": "arn:aws:iam::000000000000:role/demo-events-exec",
            "assume_role_policy": "{\"Statement\":[{\"Action\":\"sts:AssumeRole\",\"Effect\":\"Allow\",\"Principal\":{\"Service\":\"events.amazonaws.com\"}}],\"Version\":\"2012-10-17\"}",
            "create_date": "2026-04-10T20:04:13Z",
            "description": "",
            "force_detach_policies": false,
            "id": "demo-events-exec",
            "inline_policy": [],
            "managed_policy_arns": [],
            "max_session_duration": 3600,
            "name": "demo-events-exec",
            "name_prefix": "",
            "path": "/",
            "permissions_boundary": "",
            "tags": null,
            "tags_all": {},
            "unique_id": "AROAQAAAAAAAJHL4OAFYY"
          },
          "sensitive_attributes": [],
          "identity_schema_version": 0,
          "private": "bnVsbA=="
        }
      ]
    },
    {
      "mode": "managed",
      "type": "aws_iam_role",
      "name": "lambda_exec",
      "provider": "provider[\"registry.terraform.io/hashicorp/aws\"]",
      "instances": [
        {
          "schema_version": 0,
          "attributes": {
            "arn": "arn:aws:iam::000000000000:role/demo-lambda-exec",
            "assume_role_policy": "{\"Statement\":[{\"Action\":\"sts:AssumeRole\",\"Effect\":\"Allow\",\"Principal\":{\"Service\":\"lambda.amazonaws.com\"}}],\"Version\":\"2012-10-17\"}",
            "create_date": "2026-04-10T20:04:13Z",
            "description": "",
            "force_detach_policies": false,
            "id": "demo-lambda-exec",
            "inline_policy": [],
            "managed_policy_arns": [],
            "max_session_duration": 3600,
            "name": "demo-lambda-exec",
            "name_prefix": "",
            "path": "/",
            "permissions_boundary": "",
            "tags": null,
            "tags_all": {},
            "unique_id": "AROAQAAAAAAAL5HN5M3AV"
          },
          "sensitive_attributes": [],
          "identity_schema_version": 0,
          "private": "bnVsbA=="
        }
      ]
    },
    {
      "mode": "managed",
      "type": "aws_iam_role",
      "name": "sfn_exec",
      "provider": "provider[\"registry.terraform.io/hashicorp/aws\"]",
      "instances": [
        {
          "schema_version": 0,
          "attributes": {
            "arn": "arn:aws:iam::000000000000:role/demo-sfn-exec",
            "assume_role_policy": "{\"Statement\":[{\"Action\":\"sts:AssumeRole\",\"Effect\":\"Allow\",\"Principal\":{\"Service\":\"states.amazonaws.com\"}}],\"Version\":\"2012-10-17\"}",
            "create_date": "2026-04-10T20:04:14Z",
            "description": "",
            "force_detach_policies": false,
            "id": "demo-sfn-exec",
            "inline_policy": [],
            "managed_policy_arns": [],
            "max_session_duration": 3600,
            "name": "demo-sfn-exec",
            "name_prefix": "",
            "path": "/",
            "permissions_boundary": "",
            "tags": null,
            "tags_all": {},
            "unique_id": "AROAQAAAAAAAI6VJ2XCTQ"
          },
          "sensitive_attributes": [],
          "identity_schema_version": 0,
          "private": "bnVsbA=="
        }
      ]
    },
    {
      "mode": "managed",
      "type": "aws_iam_role_policy",
      "name": "events_full",
      "provider": "provider[\"registry.terraform.io/hashicorp/aws\"]",
      "instances": [
        {
          "schema_version": 0,
          "attributes": {
            "id": "demo-events-exec:demo-events-full",
            "name": "demo-events-full",
            "name_prefix": "",
            "policy": "{\"Version\":\"2012-10-17\",\"Statement\":[{\"Action\":[\"lambda:InvokeFunction\",\"states:StartExecution\",\"sqs:SendMessage\"],\"Effect\":\"Allow\",\"Resource\":\"*\"}]}",
            "role": "demo-events-exec"
          },
          "sensitive_attributes": [],
          "identity_schema_version": 0,
          "private": "bnVsbA==",
          "dependencies": [
            "aws_iam_role.events_exec"
          ]
        }
      ]
    },
    {
      "mode": "managed",
      "type": "aws_iam_role_policy",
      "name": "lambda_full",
      "provider": "provider[\"registry.terraform.io/hashicorp/aws\"]",
      "instances": [
        {
          "schema_version": 0,
          "attributes": {
            "id": "demo-lambda-exec:demo-lambda-full",
            "name": "demo-lambda-full",
            "name_prefix": "",
            "policy": "{\"Version\":\"2012-10-17\",\"Statement\":[{\"Action\":[\"dynamodb:*\",\"sqs:*\",\"sns:*\",\"logs:*\",\"s3:*\",\"secretsmanager:GetSecretValue\",\"ssm:GetParameter\"],\"Effect\":\"Allow\",\"Resource\":\"*\"}]}",
            "role": "demo-lambda-exec"
          },
          "sensitive_attributes": [],
          "identity_schema_version": 0,
          "private": "bnVsbA==",
          "dependencies": [
            "aws_iam_role.lambda_exec"
          ]
        }
      ]
    },
    {
      "mode": "managed",
      "type": "aws_iam_role_policy",
      "name": "sfn_full",
      "provider": "provider[\"registry.terraform.io/hashicorp/aws\"]",
      "instances": [
        {
          "schema_version": 0,
          "attributes": {
            "id": "demo-sfn-exec:demo-sfn-full",
            "name": "demo-sfn-full",
            "name_prefix": "",
            "policy": "{\"Version\":\"2012-10-17\",\"Statement\":[{\"Action\":[\"lambda:InvokeFunction\",\"dynamodb:*\",\"sqs:*\",\"sns:*\",\"logs:*\"],\"Effect\":\"Allow\",\"Resource\":\"*\"}]}",
            "role": "demo-sfn-exec"
          },
          "sensitive_attributes": [],
          "identity_schema_version": 0,
          "private": "bnVsbA==",
          "dependencies": [
            "aws_iam_role.sfn_exec"
          ]
        }
      ]
    },
    {
      "mode": "managed",
      "type": "aws_internet_gateway",
      "name": "main",
      "provider": "provider[\"registry.terraform.io/hashicorp/aws\"]",
      "instances": [
        {
          "schema_version": 0,
          "attributes": {
            "arn": "arn:aws:ec2:us-east-1:000000000000:internet-gateway/igw-4cbe395b1c8346678",
            "id": "igw-4cbe395b1c8346678",
            "owner_id": "000000000000",
            "tags": {
              "Name": "demo-igw",
              "Project": "cloudblocks-demo"
            },
            "tags_all": {
              "Name": "demo-igw",
              "Project": "cloudblocks-demo"
            },
            "timeouts": null,
            "vpc_id": "vpc-c33a0b99d8317364b"
          },
          "sensitive_attributes": [],
          "identity_schema_version": 0,
          "private": "eyJlMmJmYjczMC1lY2FhLTExZTYtOGY4OC0zNDM2M2JjN2M0YzAiOnsiY3JlYXRlIjoxMjAwMDAwMDAwMDAwLCJkZWxldGUiOjEyMDAwMDAwMDAwMDAsInVwZGF0ZSI6MTIwMDAwMDAwMDAwMH19",
          "dependencies": [
            "aws_vpc.main"
          ]
        }
      ]
    },
    {
      "mode": "managed",
      "type": "aws_lambda_event_source_mapping",
      "name": "workflow_sqs_trigger",
      "provider": "provider[\"registry.terraform.io/hashicorp/aws\"]",
      "instances": [
        {
          "schema_version": 0,
          "attributes": {
            "amazon_managed_kafka_event_source_config": [],
            "arn": "arn:aws:lambda:us-east-1:000000000000:event-source-mapping:bfd711e3-e840-4f61-9135-7cc4e5509859",
            "batch_size": 10,
            "bisect_batch_on_function_error": false,
            "destination_config": [],
            "document_db_event_source_config": [],
            "enabled": true,
            "event_source_arn": "arn:aws:sqs:us-east-1:000000000000:demo-workflow-queue",
            "filter_criteria": [],
            "function_arn": "arn:aws:lambda:us-east-1:000000000000:function:demo-workflow-processor",
            "function_name": "arn:aws:lambda:us-east-1:000000000000:function:demo-workflow-processor",
            "function_response_types": null,
            "id": "bfd711e3-e840-4f61-9135-7cc4e5509859",
            "kms_key_arn": "",
            "last_modified": "2026-04-10T20:05:04Z",
            "last_processing_result": "",
            "maximum_batching_window_in_seconds": 0,
            "maximum_record_age_in_seconds": 0,
            "maximum_retry_attempts": 0,
            "metrics_config": [],
            "parallelization_factor": 0,
            "provisioned_poller_config": [],
            "queues": null,
            "scaling_config": [],
            "self_managed_event_source": [],
            "self_managed_kafka_event_source_config": [],
            "source_access_configuration": [],
            "starting_position": "",
            "starting_position_timestamp": "",
            "state": "Enabled",
            "state_transition_reason": "USER_INITIATED",
            "tags": null,
            "tags_all": {},
            "topics": null,
            "tumbling_window_in_seconds": 0,
            "uuid": "bfd711e3-e840-4f61-9135-7cc4e5509859"
          },
          "sensitive_attributes": [],
          "identity_schema_version": 0,
          "private": "bnVsbA==",
          "dependencies": [
            "aws_dynamodb_table.items",
            "aws_iam_role.lambda_exec",
            "aws_lambda_function.workflow_processor",
            "aws_sqs_queue.workflow",
            "aws_sqs_queue.workflow_dlq",
            "data.archive_file.workflow_handler",
            "local_file.workflow_src"
          ]
        }
      ]
    },
    {
      "mode": "managed",
      "type": "aws_lambda_function",
      "name": "api_handler",
      "provider": "provider[\"registry.terraform.io/hashicorp/aws\"]",
      "instances": [
        {
          "schema_version": 0,
          "attributes": {
            "architectures": [
              "x86_64"
            ],
            "arn": "arn:aws:lambda:us-east-1:000000000000:function:demo-api-handler",
            "code_sha256": "RIbJHnhg/c17h1BJu/lajAkJvJCGQM0BrCHvCfxy5GE=",
            "code_signing_config_arn": "",
            "dead_letter_config": [],
            "description": "",
            "environment": [
              {
                "variables": {
                  "DYNAMO_ARN": "arn:aws:dynamodb:us-east-1:000000000000:table/demo-items",
                  "SNS_TOPIC_ARN": "arn:aws:sns:us-east-1:000000000000:demo-alerts",
                  "TABLE_NAME": "demo-items"
                }
              }
            ],
            "ephemeral_storage": [
              {
                "size": 512
              }
            ],
            "file_system_config": [],
            "filename": "./.build/api_handler.zip",
            "function_name": "demo-api-handler",
            "handler": "handler.handler",
            "id": "demo-api-handler",
            "image_config": [],
            "image_uri": "",
            "invoke_arn": "arn:aws:apigateway:us-east-1:lambda:path/2015-03-31/functions/arn:aws:lambda:us-east-1:000000000000:function:demo-api-handler/invocations",
            "kms_key_arn": "",
            "last_modified": "2026-04-10T20:04:20.758668+0000",
            "layers": null,
            "logging_config": [
              {
                "application_log_level": "",
                "log_format": "Text",
                "log_group": "/aws/lambda/demo-api-handler",
                "system_log_level": ""
              }
            ],
            "memory_size": 128,
            "package_type": "Zip",
            "publish": false,
            "qualified_arn": "arn:aws:lambda:us-east-1:000000000000:function:demo-api-handler:$LATEST",
            "qualified_invoke_arn": "arn:aws:apigateway:us-east-1:lambda:path/2015-03-31/functions/arn:aws:lambda:us-east-1:000000000000:function:demo-api-handler:$LATEST/invocations",
            "replace_security_groups_on_destroy": null,
            "replacement_security_group_ids": null,
            "reserved_concurrent_executions": -1,
            "role": "arn:aws:iam::000000000000:role/demo-lambda-exec",
            "runtime": "python3.12",
            "s3_bucket": null,
            "s3_key": null,
            "s3_object_version": null,
            "signing_job_arn": "",
            "signing_profile_version_arn": "",
            "skip_destroy": false,
            "snap_start": [],
            "source_code_hash": "RIbJHnhg/c17h1BJu/lajAkJvJCGQM0BrCHvCfxy5GE=",
            "source_code_size": 1011,
            "tags": {
              "Name": "demo-api-handler",
              "Project": "cloudblocks-demo"
            },
            "tags_all": {
              "Name": "demo-api-handler",
              "Project": "cloudblocks-demo"
            },
            "timeout": 30,
            "timeouts": null,
            "tracing_config": [
              {
                "mode": "PassThrough"
              }
            ],
            "version": "$LATEST",
            "vpc_config": []
          },
          "sensitive_attributes": [],
          "identity_schema_version": 0,
          "private": "eyJlMmJmYjczMC1lY2FhLTExZTYtOGY4OC0zNDM2M2JjN2M0YzAiOnsiY3JlYXRlIjo2MDAwMDAwMDAwMDAsImRlbGV0ZSI6NjAwMDAwMDAwMDAwLCJ1cGRhdGUiOjYwMDAwMDAwMDAwMH19",
          "dependencies": [
            "aws_dynamodb_table.items",
            "aws_iam_role.lambda_exec",
            "aws_sns_topic.alerts",
            "data.archive_file.api_handler",
            "local_file.api_handler_src"
          ]
        }
      ]
    },
    {
      "mode": "managed",
      "type": "aws_lambda_function",
      "name": "timeout_test",
      "provider": "provider[\"registry.terraform.io/hashicorp/aws\"]",
      "instances": [
        {
          "schema_version": 0,
          "attributes": {
            "architectures": [
              "x86_64"
            ],
            "arn": "arn:aws:lambda:us-east-1:000000000000:function:demo-timeout-test",
            "code_sha256": "y+23BJYE0g1id5xQCmPRQ3TjDyeHpVUGXR4//+6AwOo=",
            "code_signing_config_arn": "",
            "dead_letter_config": [],
            "description": "",
            "environment": [],
            "ephemeral_storage": [
              {
                "size": 512
              }
            ],
            "file_system_config": [],
            "filename": "./.build/timeout_test_handler.zip",
            "function_name": "demo-timeout-test",
            "handler": "handler.handler",
            "id": "demo-timeout-test",
            "image_config": [],
            "image_uri": "",
            "invoke_arn": "arn:aws:apigateway:us-east-1:lambda:path/2015-03-31/functions/arn:aws:lambda:us-east-1:000000000000:function:demo-timeout-test/invocations",
            "kms_key_arn": "",
            "last_modified": "2026-04-10T20:04:15.631379+0000",
            "layers": null,
            "logging_config": [
              {
                "application_log_level": "",
                "log_format": "Text",
                "log_group": "/aws/lambda/demo-timeout-test",
                "system_log_level": ""
              }
            ],
            "memory_size": 128,
            "package_type": "Zip",
            "publish": false,
            "qualified_arn": "arn:aws:lambda:us-east-1:000000000000:function:demo-timeout-test:$LATEST",
            "qualified_invoke_arn": "arn:aws:apigateway:us-east-1:lambda:path/2015-03-31/functions/arn:aws:lambda:us-east-1:000000000000:function:demo-timeout-test:$LATEST/invocations",
            "replace_security_groups_on_destroy": null,
            "replacement_security_group_ids": null,
            "reserved_concurrent_executions": -1,
            "role": "arn:aws:iam::000000000000:role/demo-lambda-exec",
            "runtime": "python3.12",
            "s3_bucket": null,
            "s3_key": null,
            "s3_object_version": null,
            "signing_job_arn": "",
            "signing_profile_version_arn": "",
            "skip_destroy": false,
            "snap_start": [],
            "source_code_hash": "y+23BJYE0g1id5xQCmPRQ3TjDyeHpVUGXR4//+6AwOo=",
            "source_code_size": 237,
            "tags": {
              "Name": "demo-timeout-test",
              "Project": "cloudblocks-demo"
            },
            "tags_all": {
              "Name": "demo-timeout-test",
              "Project": "cloudblocks-demo"
            },
            "timeout": 3,
            "timeouts": null,
            "tracing_config": [
              {
                "mode": "PassThrough"
              }
            ],
            "version": "$LATEST",
            "vpc_config": []
          },
          "sensitive_attributes": [],
          "identity_schema_version": 0,
          "private": "eyJlMmJmYjczMC1lY2FhLTExZTYtOGY4OC0zNDM2M2JjN2M0YzAiOnsiY3JlYXRlIjo2MDAwMDAwMDAwMDAsImRlbGV0ZSI6NjAwMDAwMDAwMDAwLCJ1cGRhdGUiOjYwMDAwMDAwMDAwMH19",
          "dependencies": [
            "aws_iam_role.lambda_exec",
            "data.archive_file.timeout_test_handler",
            "local_file.timeout_test_src"
          ]
        }
      ]
    },
    {
      "mode": "managed",
      "type": "aws_lambda_function",
      "name": "workflow_processor",
      "provider": "provider[\"registry.terraform.io/hashicorp/aws\"]",
      "instances": [
        {
          "schema_version": 0,
          "attributes": {
            "architectures": [
              "x86_64"
            ],
            "arn": "arn:aws:lambda:us-east-1:000000000000:function:demo-workflow-processor",
            "code_sha256": "XzFhr+PwPoZfKDO9QXPm5L/vLi4KE7BDLhdL/zFj3pI=",
            "code_signing_config_arn": "",
            "dead_letter_config": [
              {
                "target_arn": "arn:aws:sqs:us-east-1:000000000000:demo-workflow-dlq"
              }
            ],
            "description": "",
            "environment": [
              {
                "variables": {
                  "DYNAMO_ARN": "arn:aws:dynamodb:us-east-1:000000000000:table/demo-items",
                  "EVENTS_BUS_ARN": "arn:aws:events:us-east-1:000000000000:event-bus/demo-events-bus",
                  "TABLE_NAME": "demo-items"
                }
              }
            ],
            "ephemeral_storage": [
              {
                "size": 512
              }
            ],
            "file_system_config": [],
            "filename": "./.build/workflow_handler.zip",
            "function_name": "demo-workflow-processor",
            "handler": "handler.handler",
            "id": "demo-workflow-processor",
            "image_config": [],
            "image_uri": "",
            "invoke_arn": "arn:aws:apigateway:us-east-1:lambda:path/2015-03-31/functions/arn:aws:lambda:us-east-1:000000000000:function:demo-workflow-processor/invocations",
            "kms_key_arn": "",
            "last_modified": "2026-04-10T20:04:39.062303+0000",
            "layers": null,
            "logging_config": [
              {
                "application_log_level": "",
                "log_format": "Text",
                "log_group": "/aws/lambda/demo-workflow-processor",
                "system_log_level": ""
              }
            ],
            "memory_size": 512,
            "package_type": "Zip",
            "publish": false,
            "qualified_arn": "arn:aws:lambda:us-east-1:000000000000:function:demo-workflow-processor:$LATEST",
            "qualified_invoke_arn": "arn:aws:apigateway:us-east-1:lambda:path/2015-03-31/functions/arn:aws:lambda:us-east-1:000000000000:function:demo-workflow-processor:$LATEST/invocations",
            "replace_security_groups_on_destroy": null,
            "replacement_security_group_ids": null,
            "reserved_concurrent_executions": -1,
            "role": "arn:aws:iam::000000000000:role/demo-lambda-exec",
            "runtime": "python3.12",
            "s3_bucket": null,
            "s3_key": null,
            "s3_object_version": null,
            "signing_job_arn": "",
            "signing_profile_version_arn": "",
            "skip_destroy": false,
            "snap_start": [],
            "source_code_hash": "XzFhr+PwPoZfKDO9QXPm5L/vLi4KE7BDLhdL/zFj3pI=",
            "source_code_size": 479,
            "tags": {
              "Name": "demo-workflow-processor",
              "Project": "cloudblocks-demo"
            },
            "tags_all": {
              "Name": "demo-workflow-processor",
              "Project": "cloudblocks-demo"
            },
            "timeout": 30,
            "timeouts": null,
            "tracing_config": [
              {
                "mode": "PassThrough"
              }
            ],
            "version": "$LATEST",
            "vpc_config": []
          },
          "sensitive_attributes": [],
          "identity_schema_version": 0,
          "private": "eyJlMmJmYjczMC1lY2FhLTExZTYtOGY4OC0zNDM2M2JjN2M0YzAiOnsiY3JlYXRlIjo2MDAwMDAwMDAwMDAsImRlbGV0ZSI6NjAwMDAwMDAwMDAwLCJ1cGRhdGUiOjYwMDAwMDAwMDAwMH19",
          "dependencies": [
            "aws_dynamodb_table.items",
            "aws_iam_role.lambda_exec",
            "aws_sqs_queue.workflow_dlq",
            "data.archive_file.workflow_handler",
            "local_file.workflow_src"
          ]
        }
      ]
    },
    {
      "mode": "managed",
      "type": "aws_lambda_permission",
      "name": "apigw_api_handler",
      "provider": "provider[\"registry.terraform.io/hashicorp/aws\"]",
      "instances": [
        {
          "schema_version": 0,
          "attributes": {
            "action": "lambda:InvokeFunction",
            "event_source_token": null,
            "function_name": "demo-api-handler",
            "function_url_auth_type": null,
            "id": "AllowAPIGatewayInvoke",
            "principal": "apigateway.amazonaws.com",
            "principal_org_id": null,
            "qualifier": "",
            "source_account": null,
            "source_arn": "arn:aws:execute-api:us-east-1::429c4a58/*/*",
            "statement_id": "AllowAPIGatewayInvoke",
            "statement_id_prefix": ""
          },
          "sensitive_attributes": [],
          "identity_schema_version": 0,
          "private": "bnVsbA==",
          "dependencies": [
            "aws_apigatewayv2_api.main",
            "aws_dynamodb_table.items",
            "aws_iam_role.lambda_exec",
            "aws_lambda_function.api_handler",
            "aws_sns_topic.alerts",
            "data.archive_file.api_handler",
            "local_file.api_handler_src"
          ]
        }
      ]
    },
    {
      "mode": "managed",
      "type": "aws_lambda_permission",
      "name": "events_workflow",
      "provider": "provider[\"registry.terraform.io/hashicorp/aws\"]",
      "instances": [
        {
          "schema_version": 0,
          "attributes": {
            "action": "lambda:InvokeFunction",
            "event_source_token": null,
            "function_name": "demo-workflow-processor",
            "function_url_auth_type": null,
            "id": "AllowEventBridgeInvoke",
            "principal": "events.amazonaws.com",
            "principal_org_id": null,
            "qualifier": "",
            "source_account": null,
            "source_arn": "arn:aws:events:us-east-1:000000000000:rule/demo-events-bus/demo-order-created",
            "statement_id": "AllowEventBridgeInvoke",
            "statement_id_prefix": ""
          },
          "sensitive_attributes": [],
          "identity_schema_version": 0,
          "private": "bnVsbA==",
          "dependencies": [
            "aws_cloudwatch_event_bus.app",
            "aws_cloudwatch_event_rule.order_created",
            "aws_dynamodb_table.items",
            "aws_iam_role.lambda_exec",
            "aws_lambda_function.workflow_processor",
            "aws_sqs_queue.workflow_dlq",
            "data.archive_file.workflow_handler",
            "local_file.workflow_src"
          ]
        }
      ]
    },
    {
      "mode": "managed",
      "type": "aws_route53_record",
      "name": "api",
      "provider": "provider[\"registry.terraform.io/hashicorp/aws\"]",
      "instances": [
        {
          "schema_version": 2,
          "attributes": {
            "alias": [],
            "allow_overwrite": null,
            "cidr_routing_policy": [],
            "failover_routing_policy": [],
            "fqdn": "api.cloudblocks.local",
            "geolocation_routing_policy": [],
            "geoproximity_routing_policy": [],
            "health_check_id": "",
            "id": "2RSCH90I8R922PKFSXJ7VN_api.cloudblocks.local_CNAME",
            "latency_routing_policy": [],
            "multivalue_answer_routing_policy": false,
            "name": "api.cloudblocks.local",
            "records": [
              "51fac30a.cloudfront.localhost.localstack.cloud"
            ],
            "set_identifier": "",
            "timeouts": null,
            "ttl": 300,
            "type": "CNAME",
            "weighted_routing_policy": [],
            "zone_id": "2RSCH90I8R922PKFSXJ7VN"
          },
          "sensitive_attributes": [],
          "identity_schema_version": 0,
          "private": "eyJlMmJmYjczMC1lY2FhLTExZTYtOGY4OC0zNDM2M2JjN2M0YzAiOnsiY3JlYXRlIjoxODAwMDAwMDAwMDAwLCJkZWxldGUiOjE4MDAwMDAwMDAwMDAsInVwZGF0ZSI6MTgwMDAwMDAwMDAwMH0sInNjaGVtYV92ZXJzaW9uIjoiMiJ9",
          "dependencies": [
            "aws_apigatewayv2_api.main",
            "aws_cloudfront_distribution.main",
            "aws_route53_zone.main",
            "aws_s3_bucket.static_assets"
          ]
        }
      ]
    },
    {
      "mode": "managed",
      "type": "aws_route53_zone",
      "name": "main",
      "provider": "provider[\"registry.terraform.io/hashicorp/aws\"]",
      "instances": [
        {
          "schema_version": 0,
          "attributes": {
            "arn": "arn:aws:route53:::hostedzone/2RSCH90I8R922PKFSXJ7VN",
            "comment": "Demo hosted zone for Cloudblocks LocalStack fixture",
            "delegation_set_id": "",
            "force_destroy": false,
            "id": "2RSCH90I8R922PKFSXJ7VN",
            "name": "cloudblocks.local",
            "name_servers": [
              "dns.localhost.localstack.cloud"
            ],
            "primary_name_server": "dns.localhost.localstack.cloud",
            "tags": {
              "Project": "cloudblocks-demo"
            },
            "tags_all": {
              "Project": "cloudblocks-demo"
            },
            "timeouts": null,
            "vpc": [],
            "zone_id": "2RSCH90I8R922PKFSXJ7VN"
          },
          "sensitive_attributes": [],
          "identity_schema_version": 0,
          "private": "eyJlMmJmYjczMC1lY2FhLTExZTYtOGY4OC0zNDM2M2JjN2M0YzAiOnsiY3JlYXRlIjoxODAwMDAwMDAwMDAwLCJkZWxldGUiOjE4MDAwMDAwMDAwMDAsInVwZGF0ZSI6MTgwMDAwMDAwMDAwMH19"
        }
      ]
    },
    {
      "mode": "managed",
      "type": "aws_s3_bucket",
      "name": "artifacts",
      "provider": "provider[\"registry.terraform.io/hashicorp/aws\"]",
      "instances": [
        {
          "schema_version": 0,
          "attributes": {
            "acceleration_status": "",
            "acl": null,
            "arn": "arn:aws:s3:::demo-artifacts-cloudblocks",
            "bucket": "demo-artifacts-cloudblocks",
            "bucket_domain_name": "demo-artifacts-cloudblocks.s3.amazonaws.com",
            "bucket_prefix": "",
            "bucket_regional_domain_name": "demo-artifacts-cloudblocks.s3.us-east-1.amazonaws.com",
            "cors_rule": [],
            "force_destroy": false,
            "grant": [
              {
                "id": "75aa57f09aa0c8caeab4f8c24e99d10f8e7faeebf76c078efc7c6caea54ba06a",
                "permissions": [
                  "FULL_CONTROL"
                ],
                "type": "CanonicalUser",
                "uri": ""
              }
            ],
            "hosted_zone_id": "Z3AQBSTGFYJSTF",
            "id": "demo-artifacts-cloudblocks",
            "lifecycle_rule": [],
            "logging": [],
            "object_lock_configuration": [],
            "object_lock_enabled": false,
            "policy": "",
            "region": "us-east-1",
            "replication_configuration": [],
            "request_payer": "BucketOwner",
            "server_side_encryption_configuration": [
              {
                "rule": [
                  {
                    "apply_server_side_encryption_by_default": [
                      {
                        "kms_master_key_id": "",
                        "sse_algorithm": "AES256"
                      }
                    ],
                    "bucket_key_enabled": false
                  }
                ]
              }
            ],
            "tags": {
              "Name": "demo-artifacts",
              "Project": "cloudblocks-demo"
            },
            "tags_all": {
              "Name": "demo-artifacts",
              "Project": "cloudblocks-demo"
            },
            "timeouts": null,
            "versioning": [
              {
                "enabled": false,
                "mfa_delete": false
              }
            ],
            "website": [],
            "website_domain": null,
            "website_endpoint": null
          },
          "sensitive_attributes": [],
          "identity_schema_version": 0,
          "private": "eyJlMmJmYjczMC1lY2FhLTExZTYtOGY4OC0zNDM2M2JjN2M0YzAiOnsiY3JlYXRlIjoxMjAwMDAwMDAwMDAwLCJkZWxldGUiOjM2MDAwMDAwMDAwMDAsInJlYWQiOjEyMDAwMDAwMDAwMDAsInVwZGF0ZSI6MTIwMDAwMDAwMDAwMH19"
        }
      ]
    },
    {
      "mode": "managed",
      "type": "aws_s3_bucket",
      "name": "static_assets",
      "provider": "provider[\"registry.terraform.io/hashicorp/aws\"]",
      "instances": [
        {
          "schema_version": 0,
          "attributes": {
            "acceleration_status": "",
            "acl": null,
            "arn": "arn:aws:s3:::demo-static-assets-cloudblocks",
            "bucket": "demo-static-assets-cloudblocks",
            "bucket_domain_name": "demo-static-assets-cloudblocks.s3.amazonaws.com",
            "bucket_prefix": "",
            "bucket_regional_domain_name": "demo-static-assets-cloudblocks.s3.us-east-1.amazonaws.com",
            "cors_rule": [],
            "force_destroy": false,
            "grant": [
              {
                "id": "75aa57f09aa0c8caeab4f8c24e99d10f8e7faeebf76c078efc7c6caea54ba06a",
                "permissions": [
                  "FULL_CONTROL"
                ],
                "type": "CanonicalUser",
                "uri": ""
              }
            ],
            "hosted_zone_id": "Z3AQBSTGFYJSTF",
            "id": "demo-static-assets-cloudblocks",
            "lifecycle_rule": [],
            "logging": [],
            "object_lock_configuration": [],
            "object_lock_enabled": false,
            "policy": "",
            "region": "us-east-1",
            "replication_configuration": [],
            "request_payer": "BucketOwner",
            "server_side_encryption_configuration": [
              {
                "rule": [
                  {
                    "apply_server_side_encryption_by_default": [
                      {
                        "kms_master_key_id": "",
                        "sse_algorithm": "AES256"
                      }
                    ],
                    "bucket_key_enabled": false
                  }
                ]
              }
            ],
            "tags": {
              "Name": "demo-static-assets",
              "Project": "cloudblocks-demo"
            },
            "tags_all": {
              "Name": "demo-static-assets",
              "Project": "cloudblocks-demo"
            },
            "timeouts": null,
            "versioning": [
              {
                "enabled": false,
                "mfa_delete": false
              }
            ],
            "website": [],
            "website_domain": null,
            "website_endpoint": null
          },
          "sensitive_attributes": [],
          "identity_schema_version": 0,
          "private": "eyJlMmJmYjczMC1lY2FhLTExZTYtOGY4OC0zNDM2M2JjN2M0YzAiOnsiY3JlYXRlIjoxMjAwMDAwMDAwMDAwLCJkZWxldGUiOjM2MDAwMDAwMDAwMDAsInJlYWQiOjEyMDAwMDAwMDAwMDAsInVwZGF0ZSI6MTIwMDAwMDAwMDAwMH19"
        }
      ]
    },
    {
      "mode": "managed",
      "type": "aws_s3_bucket_public_access_block",
      "name": "artifacts",
      "provider": "provider[\"registry.terraform.io/hashicorp/aws\"]",
      "instances": [
        {
          "schema_version": 0,
          "attributes": {
            "block_public_acls": true,
            "block_public_policy": true,
            "bucket": "demo-artifacts-cloudblocks",
            "id": "demo-artifacts-cloudblocks",
            "ignore_public_acls": true,
            "restrict_public_buckets": true
          },
          "sensitive_attributes": [],
          "identity_schema_version": 0,
          "private": "bnVsbA==",
          "dependencies": [
            "aws_s3_bucket.artifacts"
          ]
        }
      ]
    },
    {
      "mode": "managed",
      "type": "aws_s3_bucket_versioning",
      "name": "artifacts",
      "provider": "provider[\"registry.terraform.io/hashicorp/aws\"]",
      "instances": [
        {
          "schema_version": 0,
          "attributes": {
            "bucket": "demo-artifacts-cloudblocks",
            "expected_bucket_owner": "",
            "id": "demo-artifacts-cloudblocks",
            "mfa": null,
            "versioning_configuration": [
              {
                "mfa_delete": "",
                "status": "Enabled"
              }
            ]
          },
          "sensitive_attributes": [],
          "identity_schema_version": 0,
          "private": "bnVsbA==",
          "dependencies": [
            "aws_s3_bucket.artifacts"
          ]
        }
      ]
    },
    {
      "mode": "managed",
      "type": "aws_secretsmanager_secret",
      "name": "api_key",
      "provider": "provider[\"registry.terraform.io/hashicorp/aws\"]",
      "instances": [
        {
          "schema_version": 0,
          "attributes": {
            "arn": "arn:aws:secretsmanager:us-east-1:000000000000:secret:demo/api-key-HMsoZQ",
            "description": "Demo API key - LocalStack test fixture",
            "force_overwrite_replica_secret": false,
            "id": "arn:aws:secretsmanager:us-east-1:000000000000:secret:demo/api-key-HMsoZQ",
            "kms_key_id": "",
            "name": "demo/api-key",
            "name_prefix": "",
            "policy": "",
            "recovery_window_in_days": 30,
            "replica": [],
            "tags": {
              "Project": "cloudblocks-demo"
            },
            "tags_all": {
              "Project": "cloudblocks-demo"
            }
          },
          "sensitive_attributes": [],
          "identity_schema_version": 0,
          "private": "bnVsbA=="
        }
      ]
    },
    {
      "mode": "managed",
      "type": "aws_secretsmanager_secret",
      "name": "db_creds",
      "provider": "provider[\"registry.terraform.io/hashicorp/aws\"]",
      "instances": [
        {
          "schema_version": 0,
          "attributes": {
            "arn": "arn:aws:secretsmanager:us-east-1:000000000000:secret:demo/db-credentials-GAxnVh",
            "description": "Demo DB credentials - LocalStack test fixture",
            "force_overwrite_replica_secret": false,
            "id": "arn:aws:secretsmanager:us-east-1:000000000000:secret:demo/db-credentials-GAxnVh",
            "kms_key_id": "",
            "name": "demo/db-credentials",
            "name_prefix": "",
            "policy": "",
            "recovery_window_in_days": 30,
            "replica": [],
            "tags": {
              "Project": "cloudblocks-demo"
            },
            "tags_all": {
              "Project": "cloudblocks-demo"
            }
          },
          "sensitive_attributes": [],
          "identity_schema_version": 0,
          "private": "bnVsbA=="
        }
      ]
    },
    {
      "mode": "managed",
      "type": "aws_secretsmanager_secret_version",
      "name": "api_key",
      "provider": "provider[\"registry.terraform.io/hashicorp/aws\"]",
      "instances": [
        {
          "schema_version": 0,
          "attributes": {
            "arn": "arn:aws:secretsmanager:us-east-1:000000000000:secret:demo/api-key-HMsoZQ",
            "has_secret_string_wo": null,
            "id": "arn:aws:secretsmanager:us-east-1:000000000000:secret:demo/api-key-HMsoZQ|terraform-20260410200414219000000005",
            "secret_binary": "",
            "secret_id": "arn:aws:secretsmanager:us-east-1:000000000000:secret:demo/api-key-HMsoZQ",
            "secret_string": "{\"key\":\"demo-secret-localstack-only-not-real\"}",
            "secret_string_wo": null,
            "secret_string_wo_version": null,
            "version_id": "terraform-20260410200414219000000005",
            "version_stages": [
              "AWSCURRENT"
            ]
          },
          "sensitive_attributes": [
            [
              {
                "type": "get_attr",
                "value": "secret_binary"
              }
            ],
            [
              {
                "type": "get_attr",
                "value": "secret_string"
              }
            ],
            [
              {
                "type": "get_attr",
                "value": "secret_string_wo"
              }
            ]
          ],
          "identity_schema_version": 0,
          "private": "bnVsbA==",
          "dependencies": [
            "aws_secretsmanager_secret.api_key"
          ]
        }
      ]
    },
    {
      "mode": "managed",
      "type": "aws_secretsmanager_secret_version",
      "name": "db_creds",
      "provider": "provider[\"registry.terraform.io/hashicorp/aws\"]",
      "instances": [
        {
          "schema_version": 0,
          "attributes": {
            "arn": "arn:aws:secretsmanager:us-east-1:000000000000:secret:demo/db-credentials-GAxnVh",
            "has_secret_string_wo": null,
            "id": "arn:aws:secretsmanager:us-east-1:000000000000:secret:demo/db-credentials-GAxnVh|terraform-20260410200414305300000006",
            "secret_binary": "",
            "secret_id": "arn:aws:secretsmanager:us-east-1:000000000000:secret:demo/db-credentials-GAxnVh",
            "secret_string": "{\"password\":\"localstack-only\",\"username\":\"admin\"}",
            "secret_string_wo": null,
            "secret_string_wo_version": null,
            "version_id": "terraform-20260410200414305300000006",
            "version_stages": [
              "AWSCURRENT"
            ]
          },
          "sensitive_attributes": [
            [
              {
                "type": "get_attr",
                "value": "secret_binary"
              }
            ],
            [
              {
                "type": "get_attr",
                "value": "secret_string"
              }
            ],
            [
              {
                "type": "get_attr",
                "value": "secret_string_wo"
              }
            ]
          ],
          "identity_schema_version": 0,
          "private": "bnVsbA==",
          "dependencies": [
            "aws_secretsmanager_secret.db_creds"
          ]
        }
      ]
    },
    {
      "mode": "managed",
      "type": "aws_security_group",
      "name": "app",
      "provider": "provider[\"registry.terraform.io/hashicorp/aws\"]",
      "instances": [
        {
          "schema_version": 1,
          "attributes": {
            "arn": "arn:aws:ec2:us-east-1:000000000000:security-group/sg-7b64814138baf1a27",
            "description": "Application security group (correctly configured)",
            "egress": [
              {
                "cidr_blocks": [
                  "0.0.0.0/0"
                ],
                "description": "",
                "from_port": 0,
                "ipv6_cidr_blocks": [],
                "prefix_list_ids": [],
                "protocol": "-1",
                "security_groups": [],
                "self": false,
                "to_port": 0
              }
            ],
            "id": "sg-7b64814138baf1a27",
            "ingress": [
              {
                "cidr_blocks": [],
                "description": "",
                "from_port": 443,
                "ipv6_cidr_blocks": [],
                "prefix_list_ids": [],
                "protocol": "tcp",
                "security_groups": [
                  "sg-9f91c978026a51207"
                ],
                "self": false,
                "to_port": 443
              }
            ],
            "name": "demo-app-sg",
            "name_prefix": "",
            "owner_id": "000000000000",
            "revoke_rules_on_delete": false,
            "tags": {
              "Name": "demo-app-sg",
              "Project": "cloudblocks-demo"
            },
            "tags_all": {
              "Name": "demo-app-sg",
              "Project": "cloudblocks-demo"
            },
            "timeouts": null,
            "vpc_id": "vpc-c33a0b99d8317364b"
          },
          "sensitive_attributes": [],
          "identity_schema_version": 0,
          "private": "eyJlMmJmYjczMC1lY2FhLTExZTYtOGY4OC0zNDM2M2JjN2M0YzAiOnsiY3JlYXRlIjo2MDAwMDAwMDAwMDAsImRlbGV0ZSI6OTAwMDAwMDAwMDAwfSwic2NoZW1hX3ZlcnNpb24iOiIxIn0=",
          "dependencies": [
            "aws_security_group.bastion",
            "aws_vpc.main"
          ]
        }
      ]
    },
    {
      "mode": "managed",
      "type": "aws_security_group",
      "name": "bastion",
      "provider": "provider[\"registry.terraform.io/hashicorp/aws\"]",
      "instances": [
        {
          "schema_version": 1,
          "attributes": {
            "arn": "arn:aws:ec2:us-east-1:000000000000:security-group/sg-9f91c978026a51207",
            "description": "Bastion security group (intentionally misconfigured for advisory testing)",
            "egress": [
              {
                "cidr_blocks": [
                  "0.0.0.0/0"
                ],
                "description": "",
                "from_port": 0,
                "ipv6_cidr_blocks": [],
                "prefix_list_ids": [],
                "protocol": "-1",
                "security_groups": [],
                "self": false,
                "to_port": 0
              }
            ],
            "id": "sg-9f91c978026a51207",
            "ingress": [
              {
                "cidr_blocks": [
                  "0.0.0.0/0"
                ],
                "description": "INTENTIONAL: SSH from anywhere - triggers ec2-public-ssh advisory",
                "from_port": 22,
                "ipv6_cidr_blocks": [],
                "prefix_list_ids": [],
                "protocol": "tcp",
                "security_groups": [],
                "self": false,
                "to_port": 22
              }
            ],
            "name": "demo-bastion-sg",
            "name_prefix": "",
            "owner_id": "000000000000",
            "revoke_rules_on_delete": false,
            "tags": {
              "Name": "demo-bastion-sg",
              "Project": "cloudblocks-demo"
            },
            "tags_all": {
              "Name": "demo-bastion-sg",
              "Project": "cloudblocks-demo"
            },
            "timeouts": null,
            "vpc_id": "vpc-c33a0b99d8317364b"
          },
          "sensitive_attributes": [],
          "identity_schema_version": 0,
          "private": "eyJlMmJmYjczMC1lY2FhLTExZTYtOGY4OC0zNDM2M2JjN2M0YzAiOnsiY3JlYXRlIjo2MDAwMDAwMDAwMDAsImRlbGV0ZSI6OTAwMDAwMDAwMDAwfSwic2NoZW1hX3ZlcnNpb24iOiIxIn0=",
          "dependencies": [
            "aws_vpc.main"
          ]
        }
      ]
    },
    {
      "mode": "managed",
      "type": "aws_ses_domain_identity",
      "name": "main",
      "provider": "provider[\"registry.terraform.io/hashicorp/aws\"]",
      "instances": [
        {
          "schema_version": 0,
          "attributes": {
            "arn": "arn:aws:ses:us-east-1::identity/cloudblocks.local",
            "domain": "cloudblocks.local",
            "id": "cloudblocks.local",
            "verification_token": "d9038ba9-9d43-4be6-afc1-1f9812264ab9"
          },
          "sensitive_attributes": [],
          "identity_schema_version": 0,
          "private": "bnVsbA=="
        }
      ]
    },
    {
      "mode": "managed",
      "type": "aws_ses_email_identity",
      "name": "notifications",
      "provider": "provider[\"registry.terraform.io/hashicorp/aws\"]",
      "instances": [
        {
          "schema_version": 0,
          "attributes": {
            "arn": "arn:aws:ses:us-east-1::identity/notifications@cloudblocks.local",
            "email": "notifications@cloudblocks.local",
            "id": "notifications@cloudblocks.local"
          },
          "sensitive_attributes": [],
          "identity_schema_version": 0,
          "private": "bnVsbA=="
        }
      ]
    },
    {
      "mode": "managed",
      "type": "aws_sfn_state_machine",
      "name": "order_workflow",
      "provider": "provider[\"registry.terraform.io/hashicorp/aws\"]",
      "instances": [
        {
          "schema_version": 0,
          "attributes": {
            "arn": "arn:aws:states:us-east-1:000000000000:stateMachine:demo-order-workflow",
            "creation_date": "2026-04-10T20:04:44Z",
            "definition": "{\"Comment\":\"Demo order processing workflow\",\"StartAt\":\"ValidateOrder\",\"States\":{\"NotifyTeam\":{\"End\":true,\"Parameters\":{\"action\":\"notify\",\"topicArn\":\"arn:aws:sns:us-east-1:000000000000:demo-alerts\"},\"Resource\":\"arn:aws:lambda:us-east-1:000000000000:function:demo-workflow-processor\",\"Type\":\"Task\"},\"SaveOrder\":{\"Next\":\"NotifyTeam\",\"Parameters\":{\"action\":\"save\",\"tableName\":\"demo-items\"},\"Resource\":\"arn:aws:lambda:us-east-1:000000000000:function:demo-workflow-processor\",\"Type\":\"Task\"},\"ValidateOrder\":{\"Next\":\"SaveOrder\",\"Parameters\":{\"action\":\"validate\"},\"Resource\":\"arn:aws:lambda:us-east-1:000000000000:function:demo-api-handler\",\"Type\":\"Task\"}}}",
            "description": "",
            "encryption_configuration": [],
            "id": "arn:aws:states:us-east-1:000000000000:stateMachine:demo-order-workflow",
            "logging_configuration": [
              {
                "include_execution_data": false,
                "level": "OFF",
                "log_destination": ""
              }
            ],
            "name": "demo-order-workflow",
            "name_prefix": "",
            "publish": false,
            "revision_id": "",
            "role_arn": "arn:aws:iam::000000000000:role/demo-sfn-exec",
            "state_machine_version_arn": "",
            "status": "ACTIVE",
            "tags": {
              "Name": "demo-order-workflow",
              "Project": "cloudblocks-demo"
            },
            "tags_all": {
              "Name": "demo-order-workflow",
              "Project": "cloudblocks-demo"
            },
            "timeouts": null,
            "tracing_configuration": [],
            "type": "STANDARD",
            "version_description": null
          },
          "sensitive_attributes": [],
          "identity_schema_version": 0,
          "private": "eyJlMmJmYjczMC1lY2FhLTExZTYtOGY4OC0zNDM2M2JjN2M0YzAiOnsiY3JlYXRlIjozMDAwMDAwMDAwMDAsImRlbGV0ZSI6MzAwMDAwMDAwMDAwLCJ1cGRhdGUiOjYwMDAwMDAwMDAwfX0=",
          "dependencies": [
            "aws_dynamodb_table.items",
            "aws_iam_role.lambda_exec",
            "aws_iam_role.sfn_exec",
            "aws_lambda_function.api_handler",
            "aws_lambda_function.workflow_processor",
            "aws_sns_topic.alerts",
            "aws_sqs_queue.workflow_dlq",
            "data.archive_file.api_handler",
            "data.archive_file.workflow_handler",
            "local_file.api_handler_src",
            "local_file.workflow_src"
          ]
        }
      ]
    },
    {
      "mode": "managed",
      "type": "aws_sns_topic",
      "name": "alerts",
      "provider": "provider[\"registry.terraform.io/hashicorp/aws\"]",
      "instances": [
        {
          "schema_version": 0,
          "attributes": {
            "application_failure_feedback_role_arn": "",
            "application_success_feedback_role_arn": "",
            "application_success_feedback_sample_rate": 0,
            "archive_policy": "",
            "arn": "arn:aws:sns:us-east-1:000000000000:demo-alerts",
            "beginning_archive_time": "",
            "content_based_deduplication": false,
            "delivery_policy": "",
            "display_name": "",
            "fifo_throughput_scope": "",
            "fifo_topic": false,
            "firehose_failure_feedback_role_arn": "",
            "firehose_success_feedback_role_arn": "",
            "firehose_success_feedback_sample_rate": 0,
            "http_failure_feedback_role_arn": "",
            "http_success_feedback_role_arn": "",
            "http_success_feedback_sample_rate": 0,
            "id": "arn:aws:sns:us-east-1:000000000000:demo-alerts",
            "kms_master_key_id": "",
            "lambda_failure_feedback_role_arn": "",
            "lambda_success_feedback_role_arn": "",
            "lambda_success_feedback_sample_rate": 0,
            "name": "demo-alerts",
            "name_prefix": "",
            "owner": "000000000000",
            "policy": "{\"Id\":\"__default_policy_ID\",\"Statement\":[{\"Action\":[\"SNS:GetTopicAttributes\",\"SNS:SetTopicAttributes\",\"SNS:AddPermission\",\"SNS:RemovePermission\",\"SNS:DeleteTopic\",\"SNS:Subscribe\",\"SNS:ListSubscriptionsByTopic\",\"SNS:Publish\"],\"Condition\":{\"StringEquals\":{\"AWS:SourceOwner\":\"000000000000\"}},\"Effect\":\"Allow\",\"Principal\":{\"AWS\":\"*\"},\"Resource\":\"arn:aws:sns:us-east-1:000000000000:demo-alerts\",\"Sid\":\"__default_statement_ID\"}],\"Version\":\"2008-10-17\"}",
            "signature_version": 0,
            "sqs_failure_feedback_role_arn": "",
            "sqs_success_feedback_role_arn": "",
            "sqs_success_feedback_sample_rate": 0,
            "tags": {
              "Name": "demo-alerts",
              "Project": "cloudblocks-demo"
            },
            "tags_all": {
              "Name": "demo-alerts",
              "Project": "cloudblocks-demo"
            },
            "tracing_config": ""
          },
          "sensitive_attributes": [],
          "identity_schema_version": 0,
          "private": "bnVsbA=="
        }
      ]
    },
    {
      "mode": "managed",
      "type": "aws_sns_topic",
      "name": "events",
      "provider": "provider[\"registry.terraform.io/hashicorp/aws\"]",
      "instances": [
        {
          "schema_version": 0,
          "attributes": {
            "application_failure_feedback_role_arn": "",
            "application_success_feedback_role_arn": "",
            "application_success_feedback_sample_rate": 0,
            "archive_policy": "",
            "arn": "arn:aws:sns:us-east-1:000000000000:demo-events",
            "beginning_archive_time": "",
            "content_based_deduplication": false,
            "delivery_policy": "",
            "display_name": "",
            "fifo_throughput_scope": "",
            "fifo_topic": false,
            "firehose_failure_feedback_role_arn": "",
            "firehose_success_feedback_role_arn": "",
            "firehose_success_feedback_sample_rate": 0,
            "http_failure_feedback_role_arn": "",
            "http_success_feedback_role_arn": "",
            "http_success_feedback_sample_rate": 0,
            "id": "arn:aws:sns:us-east-1:000000000000:demo-events",
            "kms_master_key_id": "",
            "lambda_failure_feedback_role_arn": "",
            "lambda_success_feedback_role_arn": "",
            "lambda_success_feedback_sample_rate": 0,
            "name": "demo-events",
            "name_prefix": "",
            "owner": "000000000000",
            "policy": "{\"Id\":\"__default_policy_ID\",\"Statement\":[{\"Action\":[\"SNS:GetTopicAttributes\",\"SNS:SetTopicAttributes\",\"SNS:AddPermission\",\"SNS:RemovePermission\",\"SNS:DeleteTopic\",\"SNS:Subscribe\",\"SNS:ListSubscriptionsByTopic\",\"SNS:Publish\"],\"Condition\":{\"StringEquals\":{\"AWS:SourceOwner\":\"000000000000\"}},\"Effect\":\"Allow\",\"Principal\":{\"AWS\":\"*\"},\"Resource\":\"arn:aws:sns:us-east-1:000000000000:demo-events\",\"Sid\":\"__default_statement_ID\"}],\"Version\":\"2008-10-17\"}",
            "signature_version": 0,
            "sqs_failure_feedback_role_arn": "",
            "sqs_success_feedback_role_arn": "",
            "sqs_success_feedback_sample_rate": 0,
            "tags": {
              "Name": "demo-events",
              "Project": "cloudblocks-demo"
            },
            "tags_all": {
              "Name": "demo-events",
              "Project": "cloudblocks-demo"
            },
            "tracing_config": ""
          },
          "sensitive_attributes": [],
          "identity_schema_version": 0,
          "private": "bnVsbA=="
        }
      ]
    },
    {
      "mode": "managed",
      "type": "aws_sns_topic_subscription",
      "name": "alerts_to_notifications",
      "provider": "provider[\"registry.terraform.io/hashicorp/aws\"]",
      "instances": [
        {
          "schema_version": 0,
          "attributes": {
            "arn": "arn:aws:sns:us-east-1:000000000000:demo-alerts:f111a44f-7840-4074-a91e-f9d3d4c551a3",
            "confirmation_timeout_in_minutes": 1,
            "confirmation_was_authenticated": true,
            "delivery_policy": "",
            "endpoint": "arn:aws:sqs:us-east-1:000000000000:demo-notifications",
            "endpoint_auto_confirms": false,
            "filter_policy": "",
            "filter_policy_scope": "",
            "id": "arn:aws:sns:us-east-1:000000000000:demo-alerts:f111a44f-7840-4074-a91e-f9d3d4c551a3",
            "owner_id": "000000000000",
            "pending_confirmation": false,
            "protocol": "sqs",
            "raw_message_delivery": false,
            "redrive_policy": "",
            "replay_policy": "",
            "subscription_role_arn": "",
            "topic_arn": "arn:aws:sns:us-east-1:000000000000:demo-alerts"
          },
          "sensitive_attributes": [],
          "identity_schema_version": 0,
          "private": "bnVsbA==",
          "dependencies": [
            "aws_sns_topic.alerts",
            "aws_sqs_queue.notifications"
          ]
        }
      ]
    },
    {
      "mode": "managed",
      "type": "aws_sns_topic_subscription",
      "name": "events_to_workflow",
      "provider": "provider[\"registry.terraform.io/hashicorp/aws\"]",
      "instances": [
        {
          "schema_version": 0,
          "attributes": {
            "arn": "arn:aws:sns:us-east-1:000000000000:demo-events:5597824a-ba9f-4337-be9e-973573925f08",
            "confirmation_timeout_in_minutes": 1,
            "confirmation_was_authenticated": true,
            "delivery_policy": "",
            "endpoint": "arn:aws:sqs:us-east-1:000000000000:demo-workflow-queue",
            "endpoint_auto_confirms": false,
            "filter_policy": "",
            "filter_policy_scope": "",
            "id": "arn:aws:sns:us-east-1:000000000000:demo-events:5597824a-ba9f-4337-be9e-973573925f08",
            "owner_id": "000000000000",
            "pending_confirmation": false,
            "protocol": "sqs",
            "raw_message_delivery": false,
            "redrive_policy": "",
            "replay_policy": "",
            "subscription_role_arn": "",
            "topic_arn": "arn:aws:sns:us-east-1:000000000000:demo-events"
          },
          "sensitive_attributes": [],
          "identity_schema_version": 0,
          "private": "bnVsbA==",
          "dependencies": [
            "aws_sns_topic.events",
            "aws_sqs_queue.workflow",
            "aws_sqs_queue.workflow_dlq"
          ]
        }
      ]
    },
    {
      "mode": "managed",
      "type": "aws_sqs_queue",
      "name": "notifications",
      "provider": "provider[\"registry.terraform.io/hashicorp/aws\"]",
      "instances": [
        {
          "schema_version": 0,
          "attributes": {
            "arn": "arn:aws:sqs:us-east-1:000000000000:demo-notifications",
            "content_based_deduplication": false,
            "deduplication_scope": "",
            "delay_seconds": 0,
            "fifo_queue": false,
            "fifo_throughput_limit": "",
            "id": "http://sqs.us-east-1.localhost.localstack.cloud:4566/000000000000/demo-notifications",
            "kms_data_key_reuse_period_seconds": 300,
            "kms_master_key_id": "",
            "max_message_size": 262144,
            "message_retention_seconds": 345600,
            "name": "demo-notifications",
            "name_prefix": "",
            "policy": "",
            "receive_wait_time_seconds": 0,
            "redrive_allow_policy": "",
            "redrive_policy": "",
            "sqs_managed_sse_enabled": true,
            "tags": {
              "Name": "demo-notifications",
              "Project": "cloudblocks-demo"
            },
            "tags_all": {
              "Name": "demo-notifications",
              "Project": "cloudblocks-demo"
            },
            "timeouts": null,
            "url": "http://sqs.us-east-1.localhost.localstack.cloud:4566/000000000000/demo-notifications",
            "visibility_timeout_seconds": 30
          },
          "sensitive_attributes": [],
          "identity_schema_version": 0,
          "private": "eyJlMmJmYjczMC1lY2FhLTExZTYtOGY4OC0zNDM2M2JjN2M0YzAiOnsiY3JlYXRlIjoxODAwMDAwMDAwMDAsImRlbGV0ZSI6MTgwMDAwMDAwMDAwLCJ1cGRhdGUiOjE4MDAwMDAwMDAwMH19"
        }
      ]
    },
    {
      "mode": "managed",
      "type": "aws_sqs_queue",
      "name": "workflow",
      "provider": "provider[\"registry.terraform.io/hashicorp/aws\"]",
      "instances": [
        {
          "schema_version": 0,
          "attributes": {
            "arn": "arn:aws:sqs:us-east-1:000000000000:demo-workflow-queue",
            "content_based_deduplication": false,
            "deduplication_scope": "",
            "delay_seconds": 0,
            "fifo_queue": false,
            "fifo_throughput_limit": "",
            "id": "http://sqs.us-east-1.localhost.localstack.cloud:4566/000000000000/demo-workflow-queue",
            "kms_data_key_reuse_period_seconds": 300,
            "kms_master_key_id": "",
            "max_message_size": 262144,
            "message_retention_seconds": 345600,
            "name": "demo-workflow-queue",
            "name_prefix": "",
            "policy": "",
            "receive_wait_time_seconds": 0,
            "redrive_allow_policy": "",
            "redrive_policy": "{\"deadLetterTargetArn\":\"arn:aws:sqs:us-east-1:000000000000:demo-workflow-dlq\",\"maxReceiveCount\":3}",
            "sqs_managed_sse_enabled": true,
            "tags": {
              "Name": "demo-workflow-queue",
              "Project": "cloudblocks-demo"
            },
            "tags_all": {
              "Name": "demo-workflow-queue",
              "Project": "cloudblocks-demo"
            },
            "timeouts": null,
            "url": "http://sqs.us-east-1.localhost.localstack.cloud:4566/000000000000/demo-workflow-queue",
            "visibility_timeout_seconds": 30
          },
          "sensitive_attributes": [],
          "identity_schema_version": 0,
          "private": "eyJlMmJmYjczMC1lY2FhLTExZTYtOGY4OC0zNDM2M2JjN2M0YzAiOnsiY3JlYXRlIjoxODAwMDAwMDAwMDAsImRlbGV0ZSI6MTgwMDAwMDAwMDAwLCJ1cGRhdGUiOjE4MDAwMDAwMDAwMH19",
          "dependencies": [
            "aws_sqs_queue.workflow_dlq"
          ]
        }
      ]
    },
    {
      "mode": "managed",
      "type": "aws_sqs_queue",
      "name": "workflow_dlq",
      "provider": "provider[\"registry.terraform.io/hashicorp/aws\"]",
      "instances": [
        {
          "schema_version": 0,
          "attributes": {
            "arn": "arn:aws:sqs:us-east-1:000000000000:demo-workflow-dlq",
            "content_based_deduplication": false,
            "deduplication_scope": "",
            "delay_seconds": 0,
            "fifo_queue": false,
            "fifo_throughput_limit": "",
            "id": "http://sqs.us-east-1.localhost.localstack.cloud:4566/000000000000/demo-workflow-dlq",
            "kms_data_key_reuse_period_seconds": 300,
            "kms_master_key_id": "",
            "max_message_size": 262144,
            "message_retention_seconds": 1209600,
            "name": "demo-workflow-dlq",
            "name_prefix": "",
            "policy": "",
            "receive_wait_time_seconds": 0,
            "redrive_allow_policy": "",
            "redrive_policy": "",
            "sqs_managed_sse_enabled": true,
            "tags": {
              "Name": "demo-workflow-dlq",
              "Project": "cloudblocks-demo"
            },
            "tags_all": {
              "Name": "demo-workflow-dlq",
              "Project": "cloudblocks-demo"
            },
            "timeouts": null,
            "url": "http://sqs.us-east-1.localhost.localstack.cloud:4566/000000000000/demo-workflow-dlq",
            "visibility_timeout_seconds": 30
          },
          "sensitive_attributes": [],
          "identity_schema_version": 0,
          "private": "eyJlMmJmYjczMC1lY2FhLTExZTYtOGY4OC0zNDM2M2JjN2M0YzAiOnsiY3JlYXRlIjoxODAwMDAwMDAwMDAsImRlbGV0ZSI6MTgwMDAwMDAwMDAwLCJ1cGRhdGUiOjE4MDAwMDAwMDAwMH19"
        }
      ]
    },
    {
      "mode": "managed",
      "type": "aws_ssm_parameter",
      "name": "api_endpoint",
      "provider": "provider[\"registry.terraform.io/hashicorp/aws\"]",
      "instances": [
        {
          "schema_version": 0,
          "attributes": {
            "allowed_pattern": "",
            "arn": "arn:aws:ssm:us-east-1:000000000000:parameter/demo/app/api-endpoint",
            "data_type": "text",
            "description": "",
            "has_value_wo": null,
            "id": "/demo/app/api-endpoint",
            "insecure_value": null,
            "key_id": "",
            "name": "/demo/app/api-endpoint",
            "overwrite": null,
            "tags": {
              "Project": "cloudblocks-demo"
            },
            "tags_all": {
              "Project": "cloudblocks-demo"
            },
            "tier": "Standard",
            "type": "String",
            "value": "http://localhost:4566/_aws/execute-api",
            "value_wo": null,
            "value_wo_version": null,
            "version": 1
          },
          "sensitive_attributes": [
            [
              {
                "type": "get_attr",
                "value": "value"
              }
            ],
            [
              {
                "type": "get_attr",
                "value": "value_wo"
              }
            ]
          ],
          "identity_schema_version": 0,
          "private": "bnVsbA=="
        }
      ]
    },
    {
      "mode": "managed",
      "type": "aws_ssm_parameter",
      "name": "app_config",
      "provider": "provider[\"registry.terraform.io/hashicorp/aws\"]",
      "instances": [
        {
          "schema_version": 0,
          "attributes": {
            "allowed_pattern": "",
            "arn": "arn:aws:ssm:us-east-1:000000000000:parameter/demo/app/config",
            "data_type": "text",
            "description": "",
            "has_value_wo": null,
            "id": "/demo/app/config",
            "insecure_value": null,
            "key_id": "",
            "name": "/demo/app/config",
            "overwrite": null,
            "tags": {
              "Project": "cloudblocks-demo"
            },
            "tags_all": {
              "Project": "cloudblocks-demo"
            },
            "tier": "Standard",
            "type": "String",
            "value": "{\"featureFlags\":{\"betaEnabled\":true},\"maxItems\":100}",
            "value_wo": null,
            "value_wo_version": null,
            "version": 1
          },
          "sensitive_attributes": [
            [
              {
                "type": "get_attr",
                "value": "value"
              }
            ],
            [
              {
                "type": "get_attr",
                "value": "value_wo"
              }
            ]
          ],
          "identity_schema_version": 0,
          "private": "bnVsbA=="
        }
      ]
    },
    {
      "mode": "managed",
      "type": "aws_ssm_parameter",
      "name": "db_host",
      "provider": "provider[\"registry.terraform.io/hashicorp/aws\"]",
      "instances": [
        {
          "schema_version": 0,
          "attributes": {
            "allowed_pattern": "",
            "arn": "arn:aws:ssm:us-east-1:000000000000:parameter/demo/db/host",
            "data_type": "text",
            "description": "",
            "has_value_wo": null,
            "id": "/demo/db/host",
            "insecure_value": null,
            "key_id": "alias/aws/ssm",
            "name": "/demo/db/host",
            "overwrite": null,
            "tags": {
              "Project": "cloudblocks-demo"
            },
            "tags_all": {
              "Project": "cloudblocks-demo"
            },
            "tier": "Standard",
            "type": "SecureString",
            "value": "demo-db.cluster.localstack",
            "value_wo": null,
            "value_wo_version": null,
            "version": 1
          },
          "sensitive_attributes": [
            [
              {
                "type": "get_attr",
                "value": "value"
              }
            ],
            [
              {
                "type": "get_attr",
                "value": "value_wo"
              }
            ]
          ],
          "identity_schema_version": 0,
          "private": "bnVsbA=="
        }
      ]
    },
    {
      "mode": "managed",
      "type": "aws_subnet",
      "name": "private",
      "provider": "provider[\"registry.terraform.io/hashicorp/aws\"]",
      "instances": [
        {
          "schema_version": 1,
          "attributes": {
            "arn": "arn:aws:ec2:us-east-1:000000000000:subnet/subnet-b37dbb348a7d5c55a",
            "assign_ipv6_address_on_creation": false,
            "availability_zone": "us-east-1a",
            "availability_zone_id": "use1-az6",
            "cidr_block": "10.0.2.0/24",
            "customer_owned_ipv4_pool": "",
            "enable_dns64": false,
            "enable_lni_at_device_index": 0,
            "enable_resource_name_dns_a_record_on_launch": false,
            "enable_resource_name_dns_aaaa_record_on_launch": false,
            "id": "subnet-b37dbb348a7d5c55a",
            "ipv6_cidr_block": "",
            "ipv6_cidr_block_association_id": "",
            "ipv6_native": false,
            "map_customer_owned_ip_on_launch": false,
            "map_public_ip_on_launch": false,
            "outpost_arn": "",
            "owner_id": "000000000000",
            "private_dns_hostname_type_on_launch": "ip-name",
            "tags": {
              "Name": "demo-private-subnet",
              "Project": "cloudblocks-demo"
            },
            "tags_all": {
              "Name": "demo-private-subnet",
              "Project": "cloudblocks-demo"
            },
            "timeouts": null,
            "vpc_id": "vpc-c33a0b99d8317364b"
          },
          "sensitive_attributes": [],
          "identity_schema_version": 0,
          "private": "eyJlMmJmYjczMC1lY2FhLTExZTYtOGY4OC0zNDM2M2JjN2M0YzAiOnsiY3JlYXRlIjo2MDAwMDAwMDAwMDAsImRlbGV0ZSI6MTIwMDAwMDAwMDAwMH0sInNjaGVtYV92ZXJzaW9uIjoiMSJ9",
          "dependencies": [
            "aws_vpc.main"
          ]
        }
      ]
    },
    {
      "mode": "managed",
      "type": "aws_subnet",
      "name": "public",
      "provider": "provider[\"registry.terraform.io/hashicorp/aws\"]",
      "instances": [
        {
          "schema_version": 1,
          "attributes": {
            "arn": "arn:aws:ec2:us-east-1:000000000000:subnet/subnet-1b38c7b7003238903",
            "assign_ipv6_address_on_creation": false,
            "availability_zone": "us-east-1a",
            "availability_zone_id": "use1-az6",
            "cidr_block": "10.0.1.0/24",
            "customer_owned_ipv4_pool": "",
            "enable_dns64": false,
            "enable_lni_at_device_index": 0,
            "enable_resource_name_dns_a_record_on_launch": false,
            "enable_resource_name_dns_aaaa_record_on_launch": false,
            "id": "subnet-1b38c7b7003238903",
            "ipv6_cidr_block": "",
            "ipv6_cidr_block_association_id": "",
            "ipv6_native": false,
            "map_customer_owned_ip_on_launch": false,
            "map_public_ip_on_launch": true,
            "outpost_arn": "",
            "owner_id": "000000000000",
            "private_dns_hostname_type_on_launch": "ip-name",
            "tags": {
              "Name": "demo-public-subnet",
              "Project": "cloudblocks-demo"
            },
            "tags_all": {
              "Name": "demo-public-subnet",
              "Project": "cloudblocks-demo"
            },
            "timeouts": null,
            "vpc_id": "vpc-c33a0b99d8317364b"
          },
          "sensitive_attributes": [],
          "identity_schema_version": 0,
          "private": "eyJlMmJmYjczMC1lY2FhLTExZTYtOGY4OC0zNDM2M2JjN2M0YzAiOnsiY3JlYXRlIjo2MDAwMDAwMDAwMDAsImRlbGV0ZSI6MTIwMDAwMDAwMDAwMH0sInNjaGVtYV92ZXJzaW9uIjoiMSJ9",
          "dependencies": [
            "aws_vpc.main"
          ]
        }
      ]
    },
    {
      "mode": "managed",
      "type": "aws_vpc",
      "name": "main",
      "provider": "provider[\"registry.terraform.io/hashicorp/aws\"]",
      "instances": [
        {
          "schema_version": 1,
          "attributes": {
            "arn": "arn:aws:ec2:us-east-1:000000000000:vpc/vpc-c33a0b99d8317364b",
            "assign_generated_ipv6_cidr_block": false,
            "cidr_block": "10.0.0.0/16",
            "default_network_acl_id": "acl-6108b2ab921813697",
            "default_route_table_id": "rtb-9b018da76a4c9af39",
            "default_security_group_id": "sg-4c71b67670afec1a6",
            "dhcp_options_id": "default",
            "enable_dns_hostnames": true,
            "enable_dns_support": true,
            "enable_network_address_usage_metrics": false,
            "id": "vpc-c33a0b99d8317364b",
            "instance_tenancy": "default",
            "ipv4_ipam_pool_id": null,
            "ipv4_netmask_length": null,
            "ipv6_association_id": "",
            "ipv6_cidr_block": "",
            "ipv6_cidr_block_network_border_group": "",
            "ipv6_ipam_pool_id": "",
            "ipv6_netmask_length": 0,
            "main_route_table_id": "rtb-9b018da76a4c9af39",
            "owner_id": "000000000000",
            "tags": {
              "Name": "demo-vpc",
              "Project": "cloudblocks-demo"
            },
            "tags_all": {
              "Name": "demo-vpc",
              "Project": "cloudblocks-demo"
            }
          },
          "sensitive_attributes": [],
          "identity_schema_version": 0,
          "private": "eyJzY2hlbWFfdmVyc2lvbiI6IjEifQ=="
        }
      ]
    },
    {
      "mode": "managed",
      "type": "local_file",
      "name": "api_handler_src",
      "provider": "provider[\"registry.terraform.io/hashicorp/local\"]",
      "instances": [
        {
          "schema_version": 0,
          "attributes": {
            "content": "import json, os, time, random, string, boto3\n\n_endpoint = os.environ.get('AWS_ENDPOINT_URL', 'http://localhost.localstack.cloud:4566')\n_region   = os.environ.get('AWS_REGION', 'us-east-1')\n\ndynamo = boto3.resource('dynamodb', region_name=_region, endpoint_url=_endpoint)\ntable  = dynamo.Table(os.environ['TABLE_NAME'])\n\nsns    = boto3.client('sns', region_name=_region, endpoint_url=_endpoint)\ntopic_arn = os.environ.get('SNS_TOPIC_ARN', '')\n\ndef _id():\n    return ''.join(random.choices(string.ascii_lowercase + string.digits, k=10))\n\ndef _ok(status, body):\n    return {\n        'statusCode': status,\n        'headers': {'Content-Type': 'application/json', 'Access-Control-Allow-Origin': '*'},\n        'body': json.dumps(body),\n    }\n\ndef handler(event, _ctx):\n    method = event.get('requestContext', {}).get('http', {}).get('method', 'GET')\n    path   = event.get('rawPath', '/')\n    params = event.get('pathParameters') or {}\n\n    if method == 'OPTIONS':\n        return _ok(200, {})\n\n    if method == 'GET' and '/items' in path:\n        items = sorted(table.scan().get('Items', []), key=lambda x: x.get('ts', '0'), reverse=True)\n        return _ok(200, {'items': items})\n\n    if method == 'POST' and '/items' in path:\n        body = json.loads(event.get('body') or '{}')\n        item = {'id': _id(), 'name': (body.get('name') or 'Untitled')[:120], 'ts': str(int(time.time()*1000))}\n        table.put_item(Item=item)\n        if topic_arn:\n            sns.publish(TopicArn=topic_arn, Message=json.dumps(item), Subject='new-item')\n        return _ok(201, {'item': item})\n\n    if method == 'DELETE':\n        iid = params.get('id') or path.rstrip('/').split('/')[-1]\n        table.delete_item(Key={'id': iid})\n        return _ok(200, {'deleted': iid})\n\n    return _ok(404, {'error': f'No route for {method} {path}'})\n",
            "content_base64": null,
            "content_base64sha256": "i0oNV9XiNVc+8LOJ5ZRsGvDotHJMF2pnVwsAHqluYUo=",
            "content_base64sha512": "4Jor0pofyV7S3xSplmxDCvohtOfRImdtK8MxVERPcPHDyMPI85dY0DHN2c9nWgvImb4G6/JCFncICPXGgflS9w==",
            "content_md5": "7e8270752d1cf5572a56a3d64b6dac5a",
            "content_sha1": "b0f1aa0895e23b57f10ab3380d7c77a2c97533ba",
            "content_sha256": "8b4a0d57d5e235573ef0b389e5946c1af0e8b4724c176a67570b001ea96e614a",
            "content_sha512": "e09a2bd29a1fc95ed2df14a9966c430afa21b4e7d122676d2bc33154444f70f1c3c8c3c8f39758d031cdd9cf675a0bc899be06ebf24216770808f5c681f952f7",
            "directory_permission": "0777",
            "file_permission": "0777",
            "filename": "./.build/api_handler.py",
            "id": "b0f1aa0895e23b57f10ab3380d7c77a2c97533ba",
            "sensitive_content": null,
            "source": null
          },
          "sensitive_attributes": [
            [
              {
                "type": "get_attr",
                "value": "sensitive_content"
              }
            ]
          ],
          "identity_schema_version": 0
        }
      ]
    },
    {
      "mode": "managed",
      "type": "local_file",
      "name": "timeout_test_src",
      "provider": "provider[\"registry.terraform.io/hashicorp/local\"]",
      "instances": [
        {
          "schema_version": 0,
          "attributes": {
            "content": "import json\n\ndef handler(event, _ctx):\n    return {'statusCode': 200, 'body': json.dumps({'ok': True})}\n",
            "content_base64": null,
            "content_base64sha256": "jvDGqetnqfvDeueyyzDzThhHDBOLvaIZ7hQ2/P4Kmmc=",
            "content_base64sha512": "Oi/jIyhEhVRiUBo8yYG+vOpOQc+mZ3WCMbzbLLUXODl/qMMF99vFg7qW/v46DStU9Ihe+llAX9cFLJ1MVmkeRA==",
            "content_md5": "2cfa20f487e895e0dabe2ca9848a2132",
            "content_sha1": "342292e97985c143dc7f5ab70d7c2689ea076e4c",
            "content_sha256": "8ef0c6a9eb67a9fbc37ae7b2cb30f34e18470c138bbda219ee1436fcfe0a9a67",
            "content_sha512": "3a2fe3232844855462501a3cc981bebcea4e41cfa667758231bcdb2cb51738397fa8c305f7dbc583ba96fefe3a0d2b54f4885efa59405fd7052c9d4c56691e44",
            "directory_permission": "0777",
            "file_permission": "0777",
            "filename": "./.build/timeout_test_handler.py",
            "id": "342292e97985c143dc7f5ab70d7c2689ea076e4c",
            "sensitive_content": null,
            "source": null
          },
          "sensitive_attributes": [
            [
              {
                "type": "get_attr",
                "value": "sensitive_content"
              }
            ]
          ],
          "identity_schema_version": 0
        }
      ]
    },
    {
      "mode": "managed",
      "type": "local_file",
      "name": "workflow_src",
      "provider": "provider[\"registry.terraform.io/hashicorp/local\"]",
      "instances": [
        {
          "schema_version": 0,
          "attributes": {
            "content": "import json, os, boto3\n\n_endpoint = os.environ.get('AWS_ENDPOINT_URL', 'http://localhost.localstack.cloud:4566')\n_region   = os.environ.get('AWS_REGION', 'us-east-1')\n\ndynamo = boto3.resource('dynamodb', region_name=_region, endpoint_url=_endpoint)\ntable  = dynamo.Table(os.environ.get('TABLE_NAME', 'demo-items'))\n\ndef handler(event, _ctx):\n    for record in event.get('Records', []):\n        body = json.loads(record.get('body', '{}'))\n        print(f\"Processing workflow event: {body}\")\n    return {'statusCode': 200}\n",
            "content_base64": null,
            "content_base64sha256": "bOfN7hlNCNv46EKgkuJsxjFB/2rSWBLCkqv7eqvCszg=",
            "content_base64sha512": "Xpdt4YwXWVg4n9XWgBuEPwhHx4e/rUxQNDcEzLqJ9YZHxrNrzVlzGaLb0BGfsHv6HcX3yErJPSF77sQt0hqmsg==",
            "content_md5": "21c6a53985eae346eae770f253fcd53a",
            "content_sha1": "623f25374a17389428ee31ec443b4a90a2de916a",
            "content_sha256": "6ce7cdee194d08dbf8e842a092e26cc63141ff6ad25812c292abfb7aabc2b338",
            "content_sha512": "5e976de18c175958389fd5d6801b843f0847c787bfad4c50343704ccba89f58647c6b36bcd597319a2dbd0119fb07bfa1dc5f7c84ac93d217beec42dd21aa6b2",
            "directory_permission": "0777",
            "file_permission": "0777",
            "filename": "./.build/workflow_handler.py",
            "id": "623f25374a17389428ee31ec443b4a90a2de916a",
            "sensitive_content": null,
            "source": null
          },
          "sensitive_attributes": [
            [
              {
                "type": "get_attr",
                "value": "sensitive_content"
              }
            ]
          ],
          "identity_schema_version": 0
        }
      ]
    }
  ],
  "check_results": null
}
